// !$*UTF8*$!
{
	archiveVersion = 1;
	classes = {
	};
	objectVersion = 46;
	objects = {

/* Begin PBXBuildFile section */
		EA1547651ABB6CE60094AC4C /* BBEventInputViewController.m in Sources */ = {isa = PBXBuildFile; fileRef = EA1547641ABB6CE60094AC4C /* BBEventInputViewController.m */; };
		EA1547681ABB6D860094AC4C /* Person.m in Sources */ = {isa = PBXBuildFile; fileRef = EA1547671ABB6D860094AC4C /* Person.m */; };
		EA15476B1ABB6D990094AC4C /* Event.m in Sources */ = {isa = PBXBuildFile; fileRef = EA15476A1ABB6D990094AC4C /* Event.m */; };
		EA1547851ABCDD4D0094AC4C /* CHTCollectionViewWaterfallCell.m in Sources */ = {isa = PBXBuildFile; fileRef = EA1547801ABCDD4D0094AC4C /* CHTCollectionViewWaterfallCell.m */; };
		EA1547861ABCDD4D0094AC4C /* CHTCollectionViewWaterfallFooter.m in Sources */ = {isa = PBXBuildFile; fileRef = EA1547821ABCDD4D0094AC4C /* CHTCollectionViewWaterfallFooter.m */; };
		EA1547871ABCDD4D0094AC4C /* CHTCollectionViewWaterfallHeader.m in Sources */ = {isa = PBXBuildFile; fileRef = EA1547841ABCDD4D0094AC4C /* CHTCollectionViewWaterfallHeader.m */; };
		EA15478A1ABCDD7D0094AC4C /* CHTCollectionViewWaterfallLayout.m in Sources */ = {isa = PBXBuildFile; fileRef = EA1547891ABCDD7D0094AC4C /* CHTCollectionViewWaterfallLayout.m */; };
		EA15479B1ABCE0D90094AC4C /* NWPhotosViewController.m in Sources */ = {isa = PBXBuildFile; fileRef = EA15479A1ABCE0D90094AC4C /* NWPhotosViewController.m */; };
		EA2081341ABD08040024246D /* 13.jpg in Resources */ = {isa = PBXBuildFile; fileRef = EA2081331ABD08040024246D /* 13.jpg */; };
		EA2081451ABD11560024246D /* CLWeeklyCalendarView.m in Sources */ = {isa = PBXBuildFile; fileRef = EA2081371ABD11560024246D /* CLWeeklyCalendarView.m */; };
		EA2081461ABD11560024246D /* DailyCalendarView.m in Sources */ = {isa = PBXBuildFile; fileRef = EA2081391ABD11560024246D /* DailyCalendarView.m */; };
		EA2081471ABD11560024246D /* DayTitleLabel.m in Sources */ = {isa = PBXBuildFile; fileRef = EA20813B1ABD11560024246D /* DayTitleLabel.m */; };
		EA2081481ABD11560024246D /* NSDate+CL.m in Sources */ = {isa = PBXBuildFile; fileRef = EA20813E1ABD11560024246D /* NSDate+CL.m */; };
		EA2081491ABD11560024246D /* NSDictionary+CL.m in Sources */ = {isa = PBXBuildFile; fileRef = EA2081401ABD11560024246D /* NSDictionary+CL.m */; };
		EA20814A1ABD11560024246D /* UIColor+CL.m in Sources */ = {isa = PBXBuildFile; fileRef = EA2081421ABD11560024246D /* UIColor+CL.m */; };
		EA20814B1ABD11560024246D /* UIImage+CL.m in Sources */ = {isa = PBXBuildFile; fileRef = EA2081441ABD11560024246D /* UIImage+CL.m */; };
		EA20814E1ABD11A30024246D /* NWCalendarViewController.m in Sources */ = {isa = PBXBuildFile; fileRef = EA20814D1ABD11A30024246D /* NWCalendarViewController.m */; };
		EA2081501ABD145A0024246D /* calendar-50.png in Resources */ = {isa = PBXBuildFile; fileRef = EA20814F1ABD145A0024246D /* calendar-50.png */; };
		EAA136FD1ABCE389006F8A2D /* cat1.jpg in Resources */ = {isa = PBXBuildFile; fileRef = EAA136F91ABCE389006F8A2D /* cat1.jpg */; };
		EAA136FE1ABCE389006F8A2D /* cat2.jpg in Resources */ = {isa = PBXBuildFile; fileRef = EAA136FA1ABCE389006F8A2D /* cat2.jpg */; };
		EAA136FF1ABCE389006F8A2D /* cat3.jpg in Resources */ = {isa = PBXBuildFile; fileRef = EAA136FB1ABCE389006F8A2D /* cat3.jpg */; };
		EAA137001ABCE389006F8A2D /* cat4.jpg in Resources */ = {isa = PBXBuildFile; fileRef = EAA136FC1ABCE389006F8A2D /* cat4.jpg */; };
		EADAFBA31AB9FCD1005CF333 /* main.m in Sources */ = {isa = PBXBuildFile; fileRef = EADAFBA21AB9FCD1005CF333 /* main.m */; };
		EADAFBA61AB9FCD1005CF333 /* AppDelegate.m in Sources */ = {isa = PBXBuildFile; fileRef = EADAFBA51AB9FCD1005CF333 /* AppDelegate.m */; };
		EADAFBA91AB9FCD1005CF333 /* ViewController.m in Sources */ = {isa = PBXBuildFile; fileRef = EADAFBA81AB9FCD1005CF333 /* ViewController.m */; };
		EADAFBAE1AB9FCD1005CF333 /* Images.xcassets in Resources */ = {isa = PBXBuildFile; fileRef = EADAFBAD1AB9FCD1005CF333 /* Images.xcassets */; };
		EADAFBB11AB9FCD1005CF333 /* LaunchScreen.xib in Resources */ = {isa = PBXBuildFile; fileRef = EADAFBAF1AB9FCD1005CF333 /* LaunchScreen.xib */; };
		EADAFBBD1AB9FCD1005CF333 /* WarriorsTests.m in Sources */ = {isa = PBXBuildFile; fileRef = EADAFBBC1AB9FCD1005CF333 /* WarriorsTests.m */; };
		EADAFBC81AB9FD05005CF333 /* NWMainViewControllerTableViewController.m in Sources */ = {isa = PBXBuildFile; fileRef = EADAFBC71AB9FD05005CF333 /* NWMainViewControllerTableViewController.m */; };
		EADAFBCA1ABA0CA5005CF333 /* blurrybackground.jpg in Resources */ = {isa = PBXBuildFile; fileRef = EADAFBC91ABA0CA5005CF333 /* blurrybackground.jpg */; };
		EADAFBCD1ABA1801005CF333 /* NWTimelineTableViewController.m in Sources */ = {isa = PBXBuildFile; fileRef = EADAFBCC1ABA1801005CF333 /* NWTimelineTableViewController.m */; };
		EADAFBD01ABA20E9005CF333 /* Main.storyboard in Resources */ = {isa = PBXBuildFile; fileRef = EADAFBCE1ABA20E9005CF333 /* Main.storyboard */; };
		EADAFC291ABA5010005CF333 /* Model.xcdatamodeld in Sources */ = {isa = PBXBuildFile; fileRef = EADAFC271ABA5010005CF333 /* Model.xcdatamodeld */; };
		EADAFC321ABA52CA005CF333 /* CoreData.framework in Frameworks */ = {isa = PBXBuildFile; fileRef = EADAFC311ABA52CA005CF333 /* CoreData.framework */; };
		EADAFC6F1ABA5380005CF333 /* MagicalImportFunctions.m in Sources */ = {isa = PBXBuildFile; fileRef = EADAFC371ABA5380005CF333 /* MagicalImportFunctions.m */; };
		EADAFC701ABA5380005CF333 /* NSAttributeDescription+MagicalDataImport.m in Sources */ = {isa = PBXBuildFile; fileRef = EADAFC391ABA5380005CF333 /* NSAttributeDescription+MagicalDataImport.m */; };
		EADAFC711ABA5380005CF333 /* NSEntityDescription+MagicalDataImport.m in Sources */ = {isa = PBXBuildFile; fileRef = EADAFC3B1ABA5380005CF333 /* NSEntityDescription+MagicalDataImport.m */; };
		EADAFC721ABA5380005CF333 /* NSNumber+MagicalDataImport.m in Sources */ = {isa = PBXBuildFile; fileRef = EADAFC3D1ABA5380005CF333 /* NSNumber+MagicalDataImport.m */; };
		EADAFC731ABA5380005CF333 /* NSObject+MagicalDataImport.m in Sources */ = {isa = PBXBuildFile; fileRef = EADAFC3F1ABA5380005CF333 /* NSObject+MagicalDataImport.m */; };
		EADAFC741ABA5380005CF333 /* NSRelationshipDescription+MagicalDataImport.m in Sources */ = {isa = PBXBuildFile; fileRef = EADAFC411ABA5380005CF333 /* NSRelationshipDescription+MagicalDataImport.m */; };
		EADAFC751ABA5380005CF333 /* NSString+MagicalDataImport.m in Sources */ = {isa = PBXBuildFile; fileRef = EADAFC431ABA5380005CF333 /* NSString+MagicalDataImport.m */; };
		EADAFC761ABA5380005CF333 /* NSManagedObject+MagicalAggregation.m in Sources */ = {isa = PBXBuildFile; fileRef = EADAFC461ABA5380005CF333 /* NSManagedObject+MagicalAggregation.m */; };
		EADAFC771ABA5380005CF333 /* NSManagedObject+MagicalDataImport.m in Sources */ = {isa = PBXBuildFile; fileRef = EADAFC481ABA5380005CF333 /* NSManagedObject+MagicalDataImport.m */; };
		EADAFC781ABA5380005CF333 /* NSManagedObject+MagicalFinders.m in Sources */ = {isa = PBXBuildFile; fileRef = EADAFC4A1ABA5380005CF333 /* NSManagedObject+MagicalFinders.m */; };
		EADAFC791ABA5380005CF333 /* NSManagedObject+MagicalRecord.m in Sources */ = {isa = PBXBuildFile; fileRef = EADAFC4C1ABA5380005CF333 /* NSManagedObject+MagicalRecord.m */; };
		EADAFC7A1ABA5380005CF333 /* NSManagedObject+MagicalRequests.m in Sources */ = {isa = PBXBuildFile; fileRef = EADAFC4E1ABA5380005CF333 /* NSManagedObject+MagicalRequests.m */; };
		EADAFC7B1ABA5380005CF333 /* NSManagedObjectContext+MagicalObserving.m in Sources */ = {isa = PBXBuildFile; fileRef = EADAFC511ABA5380005CF333 /* NSManagedObjectContext+MagicalObserving.m */; };
		EADAFC7C1ABA5380005CF333 /* NSManagedObjectContext+MagicalRecord.m in Sources */ = {isa = PBXBuildFile; fileRef = EADAFC531ABA5380005CF333 /* NSManagedObjectContext+MagicalRecord.m */; };
		EADAFC7D1ABA5380005CF333 /* NSManagedObjectContext+MagicalSaves.m in Sources */ = {isa = PBXBuildFile; fileRef = EADAFC551ABA5380005CF333 /* NSManagedObjectContext+MagicalSaves.m */; };
		EADAFC7E1ABA5380005CF333 /* NSManagedObjectContext+MagicalThreading.m in Sources */ = {isa = PBXBuildFile; fileRef = EADAFC571ABA5380005CF333 /* NSManagedObjectContext+MagicalThreading.m */; };
		EADAFC7F1ABA5380005CF333 /* NSManagedObjectModel+MagicalRecord.m in Sources */ = {isa = PBXBuildFile; fileRef = EADAFC591ABA5380005CF333 /* NSManagedObjectModel+MagicalRecord.m */; };
		EADAFC801ABA5380005CF333 /* NSPersistentStore+MagicalRecord.m in Sources */ = {isa = PBXBuildFile; fileRef = EADAFC5B1ABA5380005CF333 /* NSPersistentStore+MagicalRecord.m */; };
		EADAFC811ABA5380005CF333 /* NSPersistentStoreCoordinator+MagicalRecord.m in Sources */ = {isa = PBXBuildFile; fileRef = EADAFC5D1ABA5380005CF333 /* NSPersistentStoreCoordinator+MagicalRecord.m */; };
		EADAFC821ABA5380005CF333 /* MagicalRecord+Actions.m in Sources */ = {isa = PBXBuildFile; fileRef = EADAFC601ABA5380005CF333 /* MagicalRecord+Actions.m */; };
		EADAFC831ABA5380005CF333 /* MagicalRecord+ErrorHandling.m in Sources */ = {isa = PBXBuildFile; fileRef = EADAFC621ABA5380005CF333 /* MagicalRecord+ErrorHandling.m */; };
		EADAFC841ABA5380005CF333 /* MagicalRecord+iCloud.m in Sources */ = {isa = PBXBuildFile; fileRef = EADAFC641ABA5380005CF333 /* MagicalRecord+iCloud.m */; };
		EADAFC851ABA5380005CF333 /* MagicalRecord+Options.m in Sources */ = {isa = PBXBuildFile; fileRef = EADAFC661ABA5380005CF333 /* MagicalRecord+Options.m */; };
		EADAFC861ABA5380005CF333 /* MagicalRecord+Setup.m in Sources */ = {isa = PBXBuildFile; fileRef = EADAFC681ABA5380005CF333 /* MagicalRecord+Setup.m */; };
		EADAFC871ABA5380005CF333 /* MagicalRecord+ShorthandSupport.m in Sources */ = {isa = PBXBuildFile; fileRef = EADAFC6A1ABA5380005CF333 /* MagicalRecord+ShorthandSupport.m */; };
		EADAFC881ABA5380005CF333 /* MagicalRecord.m in Sources */ = {isa = PBXBuildFile; fileRef = EADAFC6C1ABA5380005CF333 /* MagicalRecord.m */; };
		EADAFC8D1ABA580A005CF333 /* BBTimelineTableViewCell.m in Sources */ = {isa = PBXBuildFile; fileRef = EADAFC8C1ABA580A005CF333 /* BBTimelineTableViewCell.m */; };
		EADAFC8F1ABA592B005CF333 /* businesscard.jpg in Resources */ = {isa = PBXBuildFile; fileRef = EADAFC8E1ABA592B005CF333 /* businesscard.jpg */; };
		EADAFC931ABA5FF3005CF333 /* BBModalSearchViewController.m in Sources */ = {isa = PBXBuildFile; fileRef = EADAFC911ABA5FF3005CF333 /* BBModalSearchViewController.m */; };
		EADAFC941ABA5FF3005CF333 /* BBModalSearchViewController.xib in Resources */ = {isa = PBXBuildFile; fileRef = EADAFC921ABA5FF3005CF333 /* BBModalSearchViewController.xib */; };
		EADAFC991ABA61FF005CF333 /* UIImage+ImageEffects.m in Sources */ = {isa = PBXBuildFile; fileRef = EADAFC961ABA61FF005CF333 /* UIImage+ImageEffects.m */; };
		EADAFC9A1ABA61FF005CF333 /* UIView+UIViewExtension.m in Sources */ = {isa = PBXBuildFile; fileRef = EADAFC981ABA61FF005CF333 /* UIView+UIViewExtension.m */; };
		EADAFC9D1ABA6711005CF333 /* NWAddPersonTableViewController.m in Sources */ = {isa = PBXBuildFile; fileRef = EADAFC9C1ABA6711005CF333 /* NWAddPersonTableViewController.m */; };
		EADAFCA31ABA69E6005CF333 /* HPGrowingTextView.m in Sources */ = {isa = PBXBuildFile; fileRef = EADAFCA01ABA69E6005CF333 /* HPGrowingTextView.m */; };
		EADAFCA41ABA69E6005CF333 /* HPTextViewInternal.m in Sources */ = {isa = PBXBuildFile; fileRef = EADAFCA21ABA69E6005CF333 /* HPTextViewInternal.m */; };
		EADAFCAD1ABA6AD2005CF333 /* MessageEntryBackground.png in Resources */ = {isa = PBXBuildFile; fileRef = EADAFCA51ABA6AD2005CF333 /* MessageEntryBackground.png */; };
		EADAFCAE1ABA6AD2005CF333 /* MessageEntryBackground@2x.png in Resources */ = {isa = PBXBuildFile; fileRef = EADAFCA61ABA6AD2005CF333 /* MessageEntryBackground@2x.png */; };
		EADAFCAF1ABA6AD2005CF333 /* MessageEntryInputField.png in Resources */ = {isa = PBXBuildFile; fileRef = EADAFCA71ABA6AD2005CF333 /* MessageEntryInputField.png */; };
		EADAFCB01ABA6AD2005CF333 /* MessageEntryInputField@2x.png in Resources */ = {isa = PBXBuildFile; fileRef = EADAFCA81ABA6AD2005CF333 /* MessageEntryInputField@2x.png */; };
		EADAFCB11ABA6AD2005CF333 /* MessageEntrySendButton.png in Resources */ = {isa = PBXBuildFile; fileRef = EADAFCA91ABA6AD2005CF333 /* MessageEntrySendButton.png */; };
		EADAFCB21ABA6AD2005CF333 /* MessageEntrySendButton@2x.png in Resources */ = {isa = PBXBuildFile; fileRef = EADAFCAA1ABA6AD2005CF333 /* MessageEntrySendButton@2x.png */; };
		EADAFCB31ABA6AD2005CF333 /* MessageEntrySendButtonPressed.png in Resources */ = {isa = PBXBuildFile; fileRef = EADAFCAB1ABA6AD2005CF333 /* MessageEntrySendButtonPressed.png */; };
		EADAFCB41ABA6AD2005CF333 /* MessageEntrySendButtonPressed@2x.png in Resources */ = {isa = PBXBuildFile; fileRef = EADAFCAC1ABA6AD2005CF333 /* MessageEntrySendButtonPressed@2x.png */; };
		EADAFCB61ABA9102005CF333 /* camera-50.png in Resources */ = {isa = PBXBuildFile; fileRef = EADAFCB51ABA9102005CF333 /* camera-50.png */; };
		EADAFCB81ABA9251005CF333 /* camera_filled-50.png in Resources */ = {isa = PBXBuildFile; fileRef = EADAFCB71ABA9251005CF333 /* camera_filled-50.png */; };
		EADAFCBA1ABA9329005CF333 /* stack_of_photos-50.png in Resources */ = {isa = PBXBuildFile; fileRef = EADAFCB91ABA9329005CF333 /* stack_of_photos-50.png */; };
		EADAFCBC1ABA9458005CF333 /* menu-50.png in Resources */ = {isa = PBXBuildFile; fileRef = EADAFCBB1ABA9458005CF333 /* menu-50.png */; };
		EADAFCBE1ABA9498005CF333 /* bullish-50.png in Resources */ = {isa = PBXBuildFile; fileRef = EADAFCBD1ABA9498005CF333 /* bullish-50.png */; };
		EADAFCC01ABA9519005CF333 /* exit-50.png in Resources */ = {isa = PBXBuildFile; fileRef = EADAFCBF1ABA9519005CF333 /* exit-50.png */; };
		EADAFCC21ABA9531005CF333 /* settings3-50.png in Resources */ = {isa = PBXBuildFile; fileRef = EADAFCC11ABA9531005CF333 /* settings3-50.png */; };
		EADAFCC41ABA95AA005CF333 /* price_tag-50.png in Resources */ = {isa = PBXBuildFile; fileRef = EADAFCC31ABA95AA005CF333 /* price_tag-50.png */; };
		EADAFCC61ABA95F2005CF333 /* collect-50.png in Resources */ = {isa = PBXBuildFile; fileRef = EADAFCC51ABA95F2005CF333 /* collect-50.png */; };
		EADAFCC81ABA9618005CF333 /* mark_as_favourite-50.png in Resources */ = {isa = PBXBuildFile; fileRef = EADAFCC71ABA9618005CF333 /* mark_as_favourite-50.png */; };
		EADAFCCA1ABAAC32005CF333 /* user_male_circle-50.png in Resources */ = {isa = PBXBuildFile; fileRef = EADAFCC91ABAAC32005CF333 /* user_male_circle-50.png */; };
		EADAFCD01ABABB53005CF333 /* card.jpg in Resources */ = {isa = PBXBuildFile; fileRef = EADAFCCF1ABABB53005CF333 /* card.jpg */; };
		EADAFCD21ABABC03005CF333 /* plus-50.png in Resources */ = {isa = PBXBuildFile; fileRef = EADAFCD11ABABC03005CF333 /* plus-50.png */; };
		EADAFCD41ABABCD1005CF333 /* undo-50.png in Resources */ = {isa = PBXBuildFile; fileRef = EADAFCD31ABABCD1005CF333 /* undo-50.png */; };
		EADAFCD61ABABD3C005CF333 /* undo-32.png in Resources */ = {isa = PBXBuildFile; fileRef = EADAFCD51ABABD3C005CF333 /* undo-32.png */; };
		EADAFCD81ABABD8A005CF333 /* plus-32.png in Resources */ = {isa = PBXBuildFile; fileRef = EADAFCD71ABABD8A005CF333 /* plus-32.png */; };
/* End PBXBuildFile section */

/* Begin PBXContainerItemProxy section */
		EADAFBB71AB9FCD1005CF333 /* PBXContainerItemProxy */ = {
			isa = PBXContainerItemProxy;
			containerPortal = EADAFB951AB9FCD1005CF333 /* Project object */;
			proxyType = 1;
			remoteGlobalIDString = EADAFB9C1AB9FCD1005CF333;
			remoteInfo = Warriors;
		};
/* End PBXContainerItemProxy section */

/* Begin PBXFileReference section */
		EA1547631ABB6CE60094AC4C /* BBEventInputViewController.h */ = {isa = PBXFileReference; fileEncoding = 4; lastKnownFileType = sourcecode.c.h; path = BBEventInputViewController.h; sourceTree = "<group>"; };
		EA1547641ABB6CE60094AC4C /* BBEventInputViewController.m */ = {isa = PBXFileReference; fileEncoding = 4; lastKnownFileType = sourcecode.c.objc; path = BBEventInputViewController.m; sourceTree = "<group>"; };
		EA1547661ABB6D860094AC4C /* Person.h */ = {isa = PBXFileReference; fileEncoding = 4; lastKnownFileType = sourcecode.c.h; path = Person.h; sourceTree = "<group>"; };
		EA1547671ABB6D860094AC4C /* Person.m */ = {isa = PBXFileReference; fileEncoding = 4; lastKnownFileType = sourcecode.c.objc; path = Person.m; sourceTree = "<group>"; };
		EA1547691ABB6D990094AC4C /* Event.h */ = {isa = PBXFileReference; fileEncoding = 4; lastKnownFileType = sourcecode.c.h; path = Event.h; sourceTree = "<group>"; };
		EA15476A1ABB6D990094AC4C /* Event.m */ = {isa = PBXFileReference; fileEncoding = 4; lastKnownFileType = sourcecode.c.objc; path = Event.m; sourceTree = "<group>"; };
		EA15477F1ABCDD4D0094AC4C /* CHTCollectionViewWaterfallCell.h */ = {isa = PBXFileReference; fileEncoding = 4; lastKnownFileType = sourcecode.c.h; name = CHTCollectionViewWaterfallCell.h; path = ../CHTCollectionViewWaterfallCell.h; sourceTree = "<group>"; };
		EA1547801ABCDD4D0094AC4C /* CHTCollectionViewWaterfallCell.m */ = {isa = PBXFileReference; fileEncoding = 4; lastKnownFileType = sourcecode.c.objc; name = CHTCollectionViewWaterfallCell.m; path = ../CHTCollectionViewWaterfallCell.m; sourceTree = "<group>"; };
		EA1547811ABCDD4D0094AC4C /* CHTCollectionViewWaterfallFooter.h */ = {isa = PBXFileReference; fileEncoding = 4; lastKnownFileType = sourcecode.c.h; name = CHTCollectionViewWaterfallFooter.h; path = ../CHTCollectionViewWaterfallFooter.h; sourceTree = "<group>"; };
		EA1547821ABCDD4D0094AC4C /* CHTCollectionViewWaterfallFooter.m */ = {isa = PBXFileReference; fileEncoding = 4; lastKnownFileType = sourcecode.c.objc; name = CHTCollectionViewWaterfallFooter.m; path = ../CHTCollectionViewWaterfallFooter.m; sourceTree = "<group>"; };
		EA1547831ABCDD4D0094AC4C /* CHTCollectionViewWaterfallHeader.h */ = {isa = PBXFileReference; fileEncoding = 4; lastKnownFileType = sourcecode.c.h; name = CHTCollectionViewWaterfallHeader.h; path = ../CHTCollectionViewWaterfallHeader.h; sourceTree = "<group>"; };
		EA1547841ABCDD4D0094AC4C /* CHTCollectionViewWaterfallHeader.m */ = {isa = PBXFileReference; fileEncoding = 4; lastKnownFileType = sourcecode.c.objc; name = CHTCollectionViewWaterfallHeader.m; path = ../CHTCollectionViewWaterfallHeader.m; sourceTree = "<group>"; };
		EA1547881ABCDD7D0094AC4C /* CHTCollectionViewWaterfallLayout.h */ = {isa = PBXFileReference; fileEncoding = 4; lastKnownFileType = sourcecode.c.h; name = CHTCollectionViewWaterfallLayout.h; path = ../CHTCollectionViewWaterfallLayout.h; sourceTree = "<group>"; };
		EA1547891ABCDD7D0094AC4C /* CHTCollectionViewWaterfallLayout.m */ = {isa = PBXFileReference; fileEncoding = 4; lastKnownFileType = sourcecode.c.objc; name = CHTCollectionViewWaterfallLayout.m; path = ../CHTCollectionViewWaterfallLayout.m; sourceTree = "<group>"; };
		EA1547991ABCE0D90094AC4C /* NWPhotosViewController.h */ = {isa = PBXFileReference; fileEncoding = 4; lastKnownFileType = sourcecode.c.h; name = NWPhotosViewController.h; path = ../NWPhotosViewController.h; sourceTree = "<group>"; };
		EA15479A1ABCE0D90094AC4C /* NWPhotosViewController.m */ = {isa = PBXFileReference; fileEncoding = 4; lastKnownFileType = sourcecode.c.objc; name = NWPhotosViewController.m; path = ../NWPhotosViewController.m; sourceTree = "<group>"; };
		EA2081331ABD08040024246D /* 13.jpg */ = {isa = PBXFileReference; lastKnownFileType = image.jpeg; path = 13.jpg; sourceTree = "<group>"; };
		EA2081361ABD11560024246D /* CLWeeklyCalendarView.h */ = {isa = PBXFileReference; fileEncoding = 4; lastKnownFileType = sourcecode.c.h; path = CLWeeklyCalendarView.h; sourceTree = "<group>"; };
		EA2081371ABD11560024246D /* CLWeeklyCalendarView.m */ = {isa = PBXFileReference; fileEncoding = 4; lastKnownFileType = sourcecode.c.objc; path = CLWeeklyCalendarView.m; sourceTree = "<group>"; };
		EA2081381ABD11560024246D /* DailyCalendarView.h */ = {isa = PBXFileReference; fileEncoding = 4; lastKnownFileType = sourcecode.c.h; path = DailyCalendarView.h; sourceTree = "<group>"; };
		EA2081391ABD11560024246D /* DailyCalendarView.m */ = {isa = PBXFileReference; fileEncoding = 4; lastKnownFileType = sourcecode.c.objc; path = DailyCalendarView.m; sourceTree = "<group>"; };
		EA20813A1ABD11560024246D /* DayTitleLabel.h */ = {isa = PBXFileReference; fileEncoding = 4; lastKnownFileType = sourcecode.c.h; path = DayTitleLabel.h; sourceTree = "<group>"; };
		EA20813B1ABD11560024246D /* DayTitleLabel.m */ = {isa = PBXFileReference; fileEncoding = 4; lastKnownFileType = sourcecode.c.objc; path = DayTitleLabel.m; sourceTree = "<group>"; };
		EA20813D1ABD11560024246D /* NSDate+CL.h */ = {isa = PBXFileReference; fileEncoding = 4; lastKnownFileType = sourcecode.c.h; path = "NSDate+CL.h"; sourceTree = "<group>"; };
		EA20813E1ABD11560024246D /* NSDate+CL.m */ = {isa = PBXFileReference; fileEncoding = 4; lastKnownFileType = sourcecode.c.objc; path = "NSDate+CL.m"; sourceTree = "<group>"; };
		EA20813F1ABD11560024246D /* NSDictionary+CL.h */ = {isa = PBXFileReference; fileEncoding = 4; lastKnownFileType = sourcecode.c.h; path = "NSDictionary+CL.h"; sourceTree = "<group>"; };
		EA2081401ABD11560024246D /* NSDictionary+CL.m */ = {isa = PBXFileReference; fileEncoding = 4; lastKnownFileType = sourcecode.c.objc; path = "NSDictionary+CL.m"; sourceTree = "<group>"; };
		EA2081411ABD11560024246D /* UIColor+CL.h */ = {isa = PBXFileReference; fileEncoding = 4; lastKnownFileType = sourcecode.c.h; path = "UIColor+CL.h"; sourceTree = "<group>"; };
		EA2081421ABD11560024246D /* UIColor+CL.m */ = {isa = PBXFileReference; fileEncoding = 4; lastKnownFileType = sourcecode.c.objc; path = "UIColor+CL.m"; sourceTree = "<group>"; };
		EA2081431ABD11560024246D /* UIImage+CL.h */ = {isa = PBXFileReference; fileEncoding = 4; lastKnownFileType = sourcecode.c.h; path = "UIImage+CL.h"; sourceTree = "<group>"; };
		EA2081441ABD11560024246D /* UIImage+CL.m */ = {isa = PBXFileReference; fileEncoding = 4; lastKnownFileType = sourcecode.c.objc; path = "UIImage+CL.m"; sourceTree = "<group>"; };
		EA20814C1ABD11A30024246D /* NWCalendarViewController.h */ = {isa = PBXFileReference; fileEncoding = 4; lastKnownFileType = sourcecode.c.h; name = NWCalendarViewController.h; path = Warriors/NWCalendarViewController.h; sourceTree = SOURCE_ROOT; };
		EA20814D1ABD11A30024246D /* NWCalendarViewController.m */ = {isa = PBXFileReference; fileEncoding = 4; lastKnownFileType = sourcecode.c.objc; name = NWCalendarViewController.m; path = Warriors/NWCalendarViewController.m; sourceTree = SOURCE_ROOT; };
		EA20814F1ABD145A0024246D /* calendar-50.png */ = {isa = PBXFileReference; lastKnownFileType = image.png; path = "calendar-50.png"; sourceTree = "<group>"; };
		EAA136F91ABCE389006F8A2D /* cat1.jpg */ = {isa = PBXFileReference; lastKnownFileType = image.jpeg; name = cat1.jpg; path = ../cat1.jpg; sourceTree = "<group>"; };
		EAA136FA1ABCE389006F8A2D /* cat2.jpg */ = {isa = PBXFileReference; lastKnownFileType = image.jpeg; name = cat2.jpg; path = ../cat2.jpg; sourceTree = "<group>"; };
		EAA136FB1ABCE389006F8A2D /* cat3.jpg */ = {isa = PBXFileReference; lastKnownFileType = image.jpeg; name = cat3.jpg; path = ../cat3.jpg; sourceTree = "<group>"; };
		EAA136FC1ABCE389006F8A2D /* cat4.jpg */ = {isa = PBXFileReference; lastKnownFileType = image.jpeg; name = cat4.jpg; path = ../cat4.jpg; sourceTree = "<group>"; };
		EADAFB9D1AB9FCD1005CF333 /* Warriors.app */ = {isa = PBXFileReference; explicitFileType = wrapper.application; includeInIndex = 0; path = Warriors.app; sourceTree = BUILT_PRODUCTS_DIR; };
		EADAFBA11AB9FCD1005CF333 /* Info.plist */ = {isa = PBXFileReference; lastKnownFileType = text.plist.xml; path = Info.plist; sourceTree = "<group>"; };
		EADAFBA21AB9FCD1005CF333 /* main.m */ = {isa = PBXFileReference; lastKnownFileType = sourcecode.c.objc; path = main.m; sourceTree = "<group>"; };
		EADAFBA41AB9FCD1005CF333 /* AppDelegate.h */ = {isa = PBXFileReference; lastKnownFileType = sourcecode.c.h; path = AppDelegate.h; sourceTree = "<group>"; };
		EADAFBA51AB9FCD1005CF333 /* AppDelegate.m */ = {isa = PBXFileReference; lastKnownFileType = sourcecode.c.objc; path = AppDelegate.m; sourceTree = "<group>"; };
		EADAFBA71AB9FCD1005CF333 /* ViewController.h */ = {isa = PBXFileReference; lastKnownFileType = sourcecode.c.h; path = ViewController.h; sourceTree = "<group>"; };
		EADAFBA81AB9FCD1005CF333 /* ViewController.m */ = {isa = PBXFileReference; lastKnownFileType = sourcecode.c.objc; path = ViewController.m; sourceTree = "<group>"; };
		EADAFBAD1AB9FCD1005CF333 /* Images.xcassets */ = {isa = PBXFileReference; lastKnownFileType = folder.assetcatalog; path = Images.xcassets; sourceTree = "<group>"; };
		EADAFBB01AB9FCD1005CF333 /* Base */ = {isa = PBXFileReference; lastKnownFileType = file.xib; name = Base; path = Base.lproj/LaunchScreen.xib; sourceTree = "<group>"; };
		EADAFBB61AB9FCD1005CF333 /* WarriorsTests.xctest */ = {isa = PBXFileReference; explicitFileType = wrapper.cfbundle; includeInIndex = 0; path = WarriorsTests.xctest; sourceTree = BUILT_PRODUCTS_DIR; };
		EADAFBBB1AB9FCD1005CF333 /* Info.plist */ = {isa = PBXFileReference; lastKnownFileType = text.plist.xml; path = Info.plist; sourceTree = "<group>"; };
		EADAFBBC1AB9FCD1005CF333 /* WarriorsTests.m */ = {isa = PBXFileReference; lastKnownFileType = sourcecode.c.objc; path = WarriorsTests.m; sourceTree = "<group>"; };
		EADAFBC61AB9FD05005CF333 /* NWMainViewControllerTableViewController.h */ = {isa = PBXFileReference; fileEncoding = 4; lastKnownFileType = sourcecode.c.h; path = NWMainViewControllerTableViewController.h; sourceTree = "<group>"; };
		EADAFBC71AB9FD05005CF333 /* NWMainViewControllerTableViewController.m */ = {isa = PBXFileReference; fileEncoding = 4; lastKnownFileType = sourcecode.c.objc; path = NWMainViewControllerTableViewController.m; sourceTree = "<group>"; };
		EADAFBC91ABA0CA5005CF333 /* blurrybackground.jpg */ = {isa = PBXFileReference; lastKnownFileType = image.jpeg; path = blurrybackground.jpg; sourceTree = "<group>"; };
		EADAFBCB1ABA1801005CF333 /* NWTimelineTableViewController.h */ = {isa = PBXFileReference; fileEncoding = 4; lastKnownFileType = sourcecode.c.h; path = NWTimelineTableViewController.h; sourceTree = "<group>"; };
		EADAFBCC1ABA1801005CF333 /* NWTimelineTableViewController.m */ = {isa = PBXFileReference; fileEncoding = 4; lastKnownFileType = sourcecode.c.objc; path = NWTimelineTableViewController.m; sourceTree = "<group>"; };
		EADAFBCF1ABA20E9005CF333 /* Base */ = {isa = PBXFileReference; lastKnownFileType = file.storyboard; name = Base; path = Warriors/Base.lproj/Main.storyboard; sourceTree = "<group>"; };
		EADAFC281ABA5010005CF333 /* Model.xcdatamodel */ = {isa = PBXFileReference; lastKnownFileType = wrapper.xcdatamodel; path = Model.xcdatamodel; sourceTree = "<group>"; };
		EADAFC311ABA52CA005CF333 /* CoreData.framework */ = {isa = PBXFileReference; lastKnownFileType = wrapper.framework; name = CoreData.framework; path = System/Library/Frameworks/CoreData.framework; sourceTree = SDKROOT; };
		EADAFC361ABA5380005CF333 /* MagicalImportFunctions.h */ = {isa = PBXFileReference; fileEncoding = 4; lastKnownFileType = sourcecode.c.h; path = MagicalImportFunctions.h; sourceTree = "<group>"; };
		EADAFC371ABA5380005CF333 /* MagicalImportFunctions.m */ = {isa = PBXFileReference; fileEncoding = 4; lastKnownFileType = sourcecode.c.objc; path = MagicalImportFunctions.m; sourceTree = "<group>"; };
		EADAFC381ABA5380005CF333 /* NSAttributeDescription+MagicalDataImport.h */ = {isa = PBXFileReference; fileEncoding = 4; lastKnownFileType = sourcecode.c.h; path = "NSAttributeDescription+MagicalDataImport.h"; sourceTree = "<group>"; };
		EADAFC391ABA5380005CF333 /* NSAttributeDescription+MagicalDataImport.m */ = {isa = PBXFileReference; fileEncoding = 4; lastKnownFileType = sourcecode.c.objc; path = "NSAttributeDescription+MagicalDataImport.m"; sourceTree = "<group>"; };
		EADAFC3A1ABA5380005CF333 /* NSEntityDescription+MagicalDataImport.h */ = {isa = PBXFileReference; fileEncoding = 4; lastKnownFileType = sourcecode.c.h; path = "NSEntityDescription+MagicalDataImport.h"; sourceTree = "<group>"; };
		EADAFC3B1ABA5380005CF333 /* NSEntityDescription+MagicalDataImport.m */ = {isa = PBXFileReference; fileEncoding = 4; lastKnownFileType = sourcecode.c.objc; path = "NSEntityDescription+MagicalDataImport.m"; sourceTree = "<group>"; };
		EADAFC3C1ABA5380005CF333 /* NSNumber+MagicalDataImport.h */ = {isa = PBXFileReference; fileEncoding = 4; lastKnownFileType = sourcecode.c.h; path = "NSNumber+MagicalDataImport.h"; sourceTree = "<group>"; };
		EADAFC3D1ABA5380005CF333 /* NSNumber+MagicalDataImport.m */ = {isa = PBXFileReference; fileEncoding = 4; lastKnownFileType = sourcecode.c.objc; path = "NSNumber+MagicalDataImport.m"; sourceTree = "<group>"; };
		EADAFC3E1ABA5380005CF333 /* NSObject+MagicalDataImport.h */ = {isa = PBXFileReference; fileEncoding = 4; lastKnownFileType = sourcecode.c.h; path = "NSObject+MagicalDataImport.h"; sourceTree = "<group>"; };
		EADAFC3F1ABA5380005CF333 /* NSObject+MagicalDataImport.m */ = {isa = PBXFileReference; fileEncoding = 4; lastKnownFileType = sourcecode.c.objc; path = "NSObject+MagicalDataImport.m"; sourceTree = "<group>"; };
		EADAFC401ABA5380005CF333 /* NSRelationshipDescription+MagicalDataImport.h */ = {isa = PBXFileReference; fileEncoding = 4; lastKnownFileType = sourcecode.c.h; path = "NSRelationshipDescription+MagicalDataImport.h"; sourceTree = "<group>"; };
		EADAFC411ABA5380005CF333 /* NSRelationshipDescription+MagicalDataImport.m */ = {isa = PBXFileReference; fileEncoding = 4; lastKnownFileType = sourcecode.c.objc; path = "NSRelationshipDescription+MagicalDataImport.m"; sourceTree = "<group>"; };
		EADAFC421ABA5380005CF333 /* NSString+MagicalDataImport.h */ = {isa = PBXFileReference; fileEncoding = 4; lastKnownFileType = sourcecode.c.h; path = "NSString+MagicalDataImport.h"; sourceTree = "<group>"; };
		EADAFC431ABA5380005CF333 /* NSString+MagicalDataImport.m */ = {isa = PBXFileReference; fileEncoding = 4; lastKnownFileType = sourcecode.c.objc; path = "NSString+MagicalDataImport.m"; sourceTree = "<group>"; };
		EADAFC451ABA5380005CF333 /* NSManagedObject+MagicalAggregation.h */ = {isa = PBXFileReference; fileEncoding = 4; lastKnownFileType = sourcecode.c.h; path = "NSManagedObject+MagicalAggregation.h"; sourceTree = "<group>"; };
		EADAFC461ABA5380005CF333 /* NSManagedObject+MagicalAggregation.m */ = {isa = PBXFileReference; fileEncoding = 4; lastKnownFileType = sourcecode.c.objc; path = "NSManagedObject+MagicalAggregation.m"; sourceTree = "<group>"; };
		EADAFC471ABA5380005CF333 /* NSManagedObject+MagicalDataImport.h */ = {isa = PBXFileReference; fileEncoding = 4; lastKnownFileType = sourcecode.c.h; path = "NSManagedObject+MagicalDataImport.h"; sourceTree = "<group>"; };
		EADAFC481ABA5380005CF333 /* NSManagedObject+MagicalDataImport.m */ = {isa = PBXFileReference; fileEncoding = 4; lastKnownFileType = sourcecode.c.objc; path = "NSManagedObject+MagicalDataImport.m"; sourceTree = "<group>"; };
		EADAFC491ABA5380005CF333 /* NSManagedObject+MagicalFinders.h */ = {isa = PBXFileReference; fileEncoding = 4; lastKnownFileType = sourcecode.c.h; path = "NSManagedObject+MagicalFinders.h"; sourceTree = "<group>"; };
		EADAFC4A1ABA5380005CF333 /* NSManagedObject+MagicalFinders.m */ = {isa = PBXFileReference; fileEncoding = 4; lastKnownFileType = sourcecode.c.objc; path = "NSManagedObject+MagicalFinders.m"; sourceTree = "<group>"; };
		EADAFC4B1ABA5380005CF333 /* NSManagedObject+MagicalRecord.h */ = {isa = PBXFileReference; fileEncoding = 4; lastKnownFileType = sourcecode.c.h; path = "NSManagedObject+MagicalRecord.h"; sourceTree = "<group>"; };
		EADAFC4C1ABA5380005CF333 /* NSManagedObject+MagicalRecord.m */ = {isa = PBXFileReference; fileEncoding = 4; lastKnownFileType = sourcecode.c.objc; path = "NSManagedObject+MagicalRecord.m"; sourceTree = "<group>"; };
		EADAFC4D1ABA5380005CF333 /* NSManagedObject+MagicalRequests.h */ = {isa = PBXFileReference; fileEncoding = 4; lastKnownFileType = sourcecode.c.h; path = "NSManagedObject+MagicalRequests.h"; sourceTree = "<group>"; };
		EADAFC4E1ABA5380005CF333 /* NSManagedObject+MagicalRequests.m */ = {isa = PBXFileReference; fileEncoding = 4; lastKnownFileType = sourcecode.c.objc; path = "NSManagedObject+MagicalRequests.m"; sourceTree = "<group>"; };
		EADAFC501ABA5380005CF333 /* NSManagedObjectContext+MagicalObserving.h */ = {isa = PBXFileReference; fileEncoding = 4; lastKnownFileType = sourcecode.c.h; path = "NSManagedObjectContext+MagicalObserving.h"; sourceTree = "<group>"; };
		EADAFC511ABA5380005CF333 /* NSManagedObjectContext+MagicalObserving.m */ = {isa = PBXFileReference; fileEncoding = 4; lastKnownFileType = sourcecode.c.objc; path = "NSManagedObjectContext+MagicalObserving.m"; sourceTree = "<group>"; };
		EADAFC521ABA5380005CF333 /* NSManagedObjectContext+MagicalRecord.h */ = {isa = PBXFileReference; fileEncoding = 4; lastKnownFileType = sourcecode.c.h; path = "NSManagedObjectContext+MagicalRecord.h"; sourceTree = "<group>"; };
		EADAFC531ABA5380005CF333 /* NSManagedObjectContext+MagicalRecord.m */ = {isa = PBXFileReference; fileEncoding = 4; lastKnownFileType = sourcecode.c.objc; path = "NSManagedObjectContext+MagicalRecord.m"; sourceTree = "<group>"; };
		EADAFC541ABA5380005CF333 /* NSManagedObjectContext+MagicalSaves.h */ = {isa = PBXFileReference; fileEncoding = 4; lastKnownFileType = sourcecode.c.h; path = "NSManagedObjectContext+MagicalSaves.h"; sourceTree = "<group>"; };
		EADAFC551ABA5380005CF333 /* NSManagedObjectContext+MagicalSaves.m */ = {isa = PBXFileReference; fileEncoding = 4; lastKnownFileType = sourcecode.c.objc; path = "NSManagedObjectContext+MagicalSaves.m"; sourceTree = "<group>"; };
		EADAFC561ABA5380005CF333 /* NSManagedObjectContext+MagicalThreading.h */ = {isa = PBXFileReference; fileEncoding = 4; lastKnownFileType = sourcecode.c.h; path = "NSManagedObjectContext+MagicalThreading.h"; sourceTree = "<group>"; };
		EADAFC571ABA5380005CF333 /* NSManagedObjectContext+MagicalThreading.m */ = {isa = PBXFileReference; fileEncoding = 4; lastKnownFileType = sourcecode.c.objc; path = "NSManagedObjectContext+MagicalThreading.m"; sourceTree = "<group>"; };
		EADAFC581ABA5380005CF333 /* NSManagedObjectModel+MagicalRecord.h */ = {isa = PBXFileReference; fileEncoding = 4; lastKnownFileType = sourcecode.c.h; path = "NSManagedObjectModel+MagicalRecord.h"; sourceTree = "<group>"; };
		EADAFC591ABA5380005CF333 /* NSManagedObjectModel+MagicalRecord.m */ = {isa = PBXFileReference; fileEncoding = 4; lastKnownFileType = sourcecode.c.objc; path = "NSManagedObjectModel+MagicalRecord.m"; sourceTree = "<group>"; };
		EADAFC5A1ABA5380005CF333 /* NSPersistentStore+MagicalRecord.h */ = {isa = PBXFileReference; fileEncoding = 4; lastKnownFileType = sourcecode.c.h; path = "NSPersistentStore+MagicalRecord.h"; sourceTree = "<group>"; };
		EADAFC5B1ABA5380005CF333 /* NSPersistentStore+MagicalRecord.m */ = {isa = PBXFileReference; fileEncoding = 4; lastKnownFileType = sourcecode.c.objc; path = "NSPersistentStore+MagicalRecord.m"; sourceTree = "<group>"; };
		EADAFC5C1ABA5380005CF333 /* NSPersistentStoreCoordinator+MagicalRecord.h */ = {isa = PBXFileReference; fileEncoding = 4; lastKnownFileType = sourcecode.c.h; path = "NSPersistentStoreCoordinator+MagicalRecord.h"; sourceTree = "<group>"; };
		EADAFC5D1ABA5380005CF333 /* NSPersistentStoreCoordinator+MagicalRecord.m */ = {isa = PBXFileReference; fileEncoding = 4; lastKnownFileType = sourcecode.c.objc; path = "NSPersistentStoreCoordinator+MagicalRecord.m"; sourceTree = "<group>"; };
		EADAFC5F1ABA5380005CF333 /* MagicalRecord+Actions.h */ = {isa = PBXFileReference; fileEncoding = 4; lastKnownFileType = sourcecode.c.h; path = "MagicalRecord+Actions.h"; sourceTree = "<group>"; };
		EADAFC601ABA5380005CF333 /* MagicalRecord+Actions.m */ = {isa = PBXFileReference; fileEncoding = 4; lastKnownFileType = sourcecode.c.objc; path = "MagicalRecord+Actions.m"; sourceTree = "<group>"; };
		EADAFC611ABA5380005CF333 /* MagicalRecord+ErrorHandling.h */ = {isa = PBXFileReference; fileEncoding = 4; lastKnownFileType = sourcecode.c.h; path = "MagicalRecord+ErrorHandling.h"; sourceTree = "<group>"; };
		EADAFC621ABA5380005CF333 /* MagicalRecord+ErrorHandling.m */ = {isa = PBXFileReference; fileEncoding = 4; lastKnownFileType = sourcecode.c.objc; path = "MagicalRecord+ErrorHandling.m"; sourceTree = "<group>"; };
		EADAFC631ABA5380005CF333 /* MagicalRecord+iCloud.h */ = {isa = PBXFileReference; fileEncoding = 4; lastKnownFileType = sourcecode.c.h; path = "MagicalRecord+iCloud.h"; sourceTree = "<group>"; };
		EADAFC641ABA5380005CF333 /* MagicalRecord+iCloud.m */ = {isa = PBXFileReference; fileEncoding = 4; lastKnownFileType = sourcecode.c.objc; path = "MagicalRecord+iCloud.m"; sourceTree = "<group>"; };
		EADAFC651ABA5380005CF333 /* MagicalRecord+Options.h */ = {isa = PBXFileReference; fileEncoding = 4; lastKnownFileType = sourcecode.c.h; path = "MagicalRecord+Options.h"; sourceTree = "<group>"; };
		EADAFC661ABA5380005CF333 /* MagicalRecord+Options.m */ = {isa = PBXFileReference; fileEncoding = 4; lastKnownFileType = sourcecode.c.objc; path = "MagicalRecord+Options.m"; sourceTree = "<group>"; };
		EADAFC671ABA5380005CF333 /* MagicalRecord+Setup.h */ = {isa = PBXFileReference; fileEncoding = 4; lastKnownFileType = sourcecode.c.h; path = "MagicalRecord+Setup.h"; sourceTree = "<group>"; };
		EADAFC681ABA5380005CF333 /* MagicalRecord+Setup.m */ = {isa = PBXFileReference; fileEncoding = 4; lastKnownFileType = sourcecode.c.objc; path = "MagicalRecord+Setup.m"; sourceTree = "<group>"; };
		EADAFC691ABA5380005CF333 /* MagicalRecord+ShorthandSupport.h */ = {isa = PBXFileReference; fileEncoding = 4; lastKnownFileType = sourcecode.c.h; path = "MagicalRecord+ShorthandSupport.h"; sourceTree = "<group>"; };
		EADAFC6A1ABA5380005CF333 /* MagicalRecord+ShorthandSupport.m */ = {isa = PBXFileReference; fileEncoding = 4; lastKnownFileType = sourcecode.c.objc; path = "MagicalRecord+ShorthandSupport.m"; sourceTree = "<group>"; };
		EADAFC6B1ABA5380005CF333 /* MagicalRecord.h */ = {isa = PBXFileReference; fileEncoding = 4; lastKnownFileType = sourcecode.c.h; path = MagicalRecord.h; sourceTree = "<group>"; };
		EADAFC6C1ABA5380005CF333 /* MagicalRecord.m */ = {isa = PBXFileReference; fileEncoding = 4; lastKnownFileType = sourcecode.c.objc; path = MagicalRecord.m; sourceTree = "<group>"; };
		EADAFC6D1ABA5380005CF333 /* MagicalRecordShorthand.h */ = {isa = PBXFileReference; fileEncoding = 4; lastKnownFileType = sourcecode.c.h; path = MagicalRecordShorthand.h; sourceTree = "<group>"; };
		EADAFC6E1ABA5380005CF333 /* CoreData+MagicalRecord.h */ = {isa = PBXFileReference; fileEncoding = 4; lastKnownFileType = sourcecode.c.h; path = "CoreData+MagicalRecord.h"; sourceTree = "<group>"; };
		EADAFC8A1ABA56C4005CF333 /* NWPrefixHeader.pch */ = {isa = PBXFileReference; fileEncoding = 4; lastKnownFileType = sourcecode.c.h; path = NWPrefixHeader.pch; sourceTree = "<group>"; };
		EADAFC8B1ABA580A005CF333 /* BBTimelineTableViewCell.h */ = {isa = PBXFileReference; fileEncoding = 4; lastKnownFileType = sourcecode.c.h; path = BBTimelineTableViewCell.h; sourceTree = "<group>"; };
		EADAFC8C1ABA580A005CF333 /* BBTimelineTableViewCell.m */ = {isa = PBXFileReference; fileEncoding = 4; lastKnownFileType = sourcecode.c.objc; path = BBTimelineTableViewCell.m; sourceTree = "<group>"; };
		EADAFC8E1ABA592B005CF333 /* businesscard.jpg */ = {isa = PBXFileReference; lastKnownFileType = image.jpeg; path = businesscard.jpg; sourceTree = "<group>"; };
		EADAFC901ABA5FF3005CF333 /* BBModalSearchViewController.h */ = {isa = PBXFileReference; fileEncoding = 4; lastKnownFileType = sourcecode.c.h; path = BBModalSearchViewController.h; sourceTree = "<group>"; };
		EADAFC911ABA5FF3005CF333 /* BBModalSearchViewController.m */ = {isa = PBXFileReference; fileEncoding = 4; lastKnownFileType = sourcecode.c.objc; path = BBModalSearchViewController.m; sourceTree = "<group>"; };
		EADAFC921ABA5FF3005CF333 /* BBModalSearchViewController.xib */ = {isa = PBXFileReference; fileEncoding = 4; lastKnownFileType = file.xib; path = BBModalSearchViewController.xib; sourceTree = "<group>"; };
		EADAFC951ABA61FF005CF333 /* UIImage+ImageEffects.h */ = {isa = PBXFileReference; fileEncoding = 4; lastKnownFileType = sourcecode.c.h; path = "UIImage+ImageEffects.h"; sourceTree = "<group>"; };
		EADAFC961ABA61FF005CF333 /* UIImage+ImageEffects.m */ = {isa = PBXFileReference; fileEncoding = 4; lastKnownFileType = sourcecode.c.objc; path = "UIImage+ImageEffects.m"; sourceTree = "<group>"; };
		EADAFC971ABA61FF005CF333 /* UIView+UIViewExtension.h */ = {isa = PBXFileReference; fileEncoding = 4; lastKnownFileType = sourcecode.c.h; path = "UIView+UIViewExtension.h"; sourceTree = "<group>"; };
		EADAFC981ABA61FF005CF333 /* UIView+UIViewExtension.m */ = {isa = PBXFileReference; fileEncoding = 4; lastKnownFileType = sourcecode.c.objc; path = "UIView+UIViewExtension.m"; sourceTree = "<group>"; };
		EADAFC9B1ABA6711005CF333 /* NWAddPersonTableViewController.h */ = {isa = PBXFileReference; fileEncoding = 4; lastKnownFileType = sourcecode.c.h; path = NWAddPersonTableViewController.h; sourceTree = "<group>"; };
		EADAFC9C1ABA6711005CF333 /* NWAddPersonTableViewController.m */ = {isa = PBXFileReference; fileEncoding = 4; lastKnownFileType = sourcecode.c.objc; path = NWAddPersonTableViewController.m; sourceTree = "<group>"; };
		EADAFC9F1ABA69E6005CF333 /* HPGrowingTextView.h */ = {isa = PBXFileReference; fileEncoding = 4; lastKnownFileType = sourcecode.c.h; path = HPGrowingTextView.h; sourceTree = "<group>"; };
		EADAFCA01ABA69E6005CF333 /* HPGrowingTextView.m */ = {isa = PBXFileReference; fileEncoding = 4; lastKnownFileType = sourcecode.c.objc; path = HPGrowingTextView.m; sourceTree = "<group>"; };
		EADAFCA11ABA69E6005CF333 /* HPTextViewInternal.h */ = {isa = PBXFileReference; fileEncoding = 4; lastKnownFileType = sourcecode.c.h; path = HPTextViewInternal.h; sourceTree = "<group>"; };
		EADAFCA21ABA69E6005CF333 /* HPTextViewInternal.m */ = {isa = PBXFileReference; fileEncoding = 4; lastKnownFileType = sourcecode.c.objc; path = HPTextViewInternal.m; sourceTree = "<group>"; };
		EADAFCA51ABA6AD2005CF333 /* MessageEntryBackground.png */ = {isa = PBXFileReference; lastKnownFileType = image.png; path = MessageEntryBackground.png; sourceTree = "<group>"; };
		EADAFCA61ABA6AD2005CF333 /* MessageEntryBackground@2x.png */ = {isa = PBXFileReference; lastKnownFileType = image.png; path = "MessageEntryBackground@2x.png"; sourceTree = "<group>"; };
		EADAFCA71ABA6AD2005CF333 /* MessageEntryInputField.png */ = {isa = PBXFileReference; lastKnownFileType = image.png; path = MessageEntryInputField.png; sourceTree = "<group>"; };
		EADAFCA81ABA6AD2005CF333 /* MessageEntryInputField@2x.png */ = {isa = PBXFileReference; lastKnownFileType = image.png; path = "MessageEntryInputField@2x.png"; sourceTree = "<group>"; };
		EADAFCA91ABA6AD2005CF333 /* MessageEntrySendButton.png */ = {isa = PBXFileReference; lastKnownFileType = image.png; path = MessageEntrySendButton.png; sourceTree = "<group>"; };
		EADAFCAA1ABA6AD2005CF333 /* MessageEntrySendButton@2x.png */ = {isa = PBXFileReference; lastKnownFileType = image.png; path = "MessageEntrySendButton@2x.png"; sourceTree = "<group>"; };
		EADAFCAB1ABA6AD2005CF333 /* MessageEntrySendButtonPressed.png */ = {isa = PBXFileReference; lastKnownFileType = image.png; path = MessageEntrySendButtonPressed.png; sourceTree = "<group>"; };
		EADAFCAC1ABA6AD2005CF333 /* MessageEntrySendButtonPressed@2x.png */ = {isa = PBXFileReference; lastKnownFileType = image.png; path = "MessageEntrySendButtonPressed@2x.png"; sourceTree = "<group>"; };
		EADAFCB51ABA9102005CF333 /* camera-50.png */ = {isa = PBXFileReference; lastKnownFileType = image.png; path = "camera-50.png"; sourceTree = "<group>"; };
		EADAFCB71ABA9251005CF333 /* camera_filled-50.png */ = {isa = PBXFileReference; lastKnownFileType = image.png; path = "camera_filled-50.png"; sourceTree = "<group>"; };
		EADAFCB91ABA9329005CF333 /* stack_of_photos-50.png */ = {isa = PBXFileReference; lastKnownFileType = image.png; path = "stack_of_photos-50.png"; sourceTree = "<group>"; };
		EADAFCBB1ABA9458005CF333 /* menu-50.png */ = {isa = PBXFileReference; lastKnownFileType = image.png; path = "menu-50.png"; sourceTree = "<group>"; };
		EADAFCBD1ABA9498005CF333 /* bullish-50.png */ = {isa = PBXFileReference; lastKnownFileType = image.png; path = "bullish-50.png"; sourceTree = "<group>"; };
		EADAFCBF1ABA9519005CF333 /* exit-50.png */ = {isa = PBXFileReference; lastKnownFileType = image.png; path = "exit-50.png"; sourceTree = "<group>"; };
		EADAFCC11ABA9531005CF333 /* settings3-50.png */ = {isa = PBXFileReference; lastKnownFileType = image.png; path = "settings3-50.png"; sourceTree = "<group>"; };
		EADAFCC31ABA95AA005CF333 /* price_tag-50.png */ = {isa = PBXFileReference; lastKnownFileType = image.png; path = "price_tag-50.png"; sourceTree = "<group>"; };
		EADAFCC51ABA95F2005CF333 /* collect-50.png */ = {isa = PBXFileReference; lastKnownFileType = image.png; path = "collect-50.png"; sourceTree = "<group>"; };
		EADAFCC71ABA9618005CF333 /* mark_as_favourite-50.png */ = {isa = PBXFileReference; lastKnownFileType = image.png; path = "mark_as_favourite-50.png"; sourceTree = "<group>"; };
		EADAFCC91ABAAC32005CF333 /* user_male_circle-50.png */ = {isa = PBXFileReference; lastKnownFileType = image.png; path = "user_male_circle-50.png"; sourceTree = "<group>"; };
		EADAFCCF1ABABB53005CF333 /* card.jpg */ = {isa = PBXFileReference; lastKnownFileType = image.jpeg; path = card.jpg; sourceTree = "<group>"; };
		EADAFCD11ABABC03005CF333 /* plus-50.png */ = {isa = PBXFileReference; lastKnownFileType = image.png; path = "plus-50.png"; sourceTree = "<group>"; };
		EADAFCD31ABABCD1005CF333 /* undo-50.png */ = {isa = PBXFileReference; lastKnownFileType = image.png; path = "undo-50.png"; sourceTree = "<group>"; };
		EADAFCD51ABABD3C005CF333 /* undo-32.png */ = {isa = PBXFileReference; lastKnownFileType = image.png; path = "undo-32.png"; sourceTree = "<group>"; };
		EADAFCD71ABABD8A005CF333 /* plus-32.png */ = {isa = PBXFileReference; lastKnownFileType = image.png; path = "plus-32.png"; sourceTree = "<group>"; };
/* End PBXFileReference section */

/* Begin PBXFrameworksBuildPhase section */
		EADAFB9A1AB9FCD1005CF333 /* Frameworks */ = {
			isa = PBXFrameworksBuildPhase;
			buildActionMask = 2147483647;
			files = (
				EADAFC321ABA52CA005CF333 /* CoreData.framework in Frameworks */,
			);
			runOnlyForDeploymentPostprocessing = 0;
		};
		EADAFBB31AB9FCD1005CF333 /* Frameworks */ = {
			isa = PBXFrameworksBuildPhase;
			buildActionMask = 2147483647;
			files = (
			);
			runOnlyForDeploymentPostprocessing = 0;
		};
/* End PBXFrameworksBuildPhase section */

/* Begin PBXGroup section */
		EA15475F1ABB69AB0094AC4C /* Resources */ = {
			isa = PBXGroup;
			children = (
				EA20814F1ABD145A0024246D /* calendar-50.png */,
				EADAFCBB1ABA9458005CF333 /* menu-50.png */,
				EADAFCC71ABA9618005CF333 /* mark_as_favourite-50.png */,
				EADAFCC51ABA95F2005CF333 /* collect-50.png */,
				EADAFCC31ABA95AA005CF333 /* price_tag-50.png */,
				EADAFCB91ABA9329005CF333 /* stack_of_photos-50.png */,
				EADAFCBD1ABA9498005CF333 /* bullish-50.png */,
				EADAFCCF1ABABB53005CF333 /* card.jpg */,
				EADAFCB51ABA9102005CF333 /* camera-50.png */,
				EADAFCB71ABA9251005CF333 /* camera_filled-50.png */,
				EADAFCBF1ABA9519005CF333 /* exit-50.png */,
				EADAFCC11ABA9531005CF333 /* settings3-50.png */,
				EADAFCC91ABAAC32005CF333 /* user_male_circle-50.png */,
				EADAFCD11ABABC03005CF333 /* plus-50.png */,
				EADAFBC91ABA0CA5005CF333 /* blurrybackground.jpg */,
				EADAFCD51ABABD3C005CF333 /* undo-32.png */,
				EADAFCD71ABABD8A005CF333 /* plus-32.png */,
				EADAFCD31ABABCD1005CF333 /* undo-50.png */,
				EADAFCA51ABA6AD2005CF333 /* MessageEntryBackground.png */,
				EADAFCA61ABA6AD2005CF333 /* MessageEntryBackground@2x.png */,
				EADAFCA71ABA6AD2005CF333 /* MessageEntryInputField.png */,
				EADAFCA81ABA6AD2005CF333 /* MessageEntryInputField@2x.png */,
				EADAFCA91ABA6AD2005CF333 /* MessageEntrySendButton.png */,
				EADAFCAA1ABA6AD2005CF333 /* MessageEntrySendButton@2x.png */,
				EADAFCAB1ABA6AD2005CF333 /* MessageEntrySendButtonPressed.png */,
				EADAFCAC1ABA6AD2005CF333 /* MessageEntrySendButtonPressed@2x.png */,
			);
			name = Resources;
			sourceTree = "<group>";
		};
		EA1547601ABB69CA0094AC4C /* Model */ = {
			isa = PBXGroup;
			children = (
				EA1547691ABB6D990094AC4C /* Event.h */,
				EA15476A1ABB6D990094AC4C /* Event.m */,
				EADAFC271ABA5010005CF333 /* Model.xcdatamodeld */,
				EA1547661ABB6D860094AC4C /* Person.h */,
				EA1547671ABB6D860094AC4C /* Person.m */,
			);
			name = Model;
			sourceTree = "<group>";
		};
		EA1547611ABB69DD0094AC4C /* Extension */ = {
			isa = PBXGroup;
			children = (
				EADAFC951ABA61FF005CF333 /* UIImage+ImageEffects.h */,
				EADAFC961ABA61FF005CF333 /* UIImage+ImageEffects.m */,
				EADAFC971ABA61FF005CF333 /* UIView+UIViewExtension.h */,
				EADAFC981ABA61FF005CF333 /* UIView+UIViewExtension.m */,
			);
			name = Extension;
			sourceTree = "<group>";
		};
		EA1547621ABB69EC0094AC4C /* Cell */ = {
			isa = PBXGroup;
			children = (
				EADAFC8B1ABA580A005CF333 /* BBTimelineTableViewCell.h */,
				EADAFC8C1ABA580A005CF333 /* BBTimelineTableViewCell.m */,
			);
			name = Cell;
			sourceTree = "<group>";
		};
		EA15478B1ABCDD880094AC4C /* Vender */ = {
			isa = PBXGroup;
			children = (
				EA1547891ABCDD7D0094AC4C /* CHTCollectionViewWaterfallLayout.m */,
				EA1547881ABCDD7D0094AC4C /* CHTCollectionViewWaterfallLayout.h */,
			);
			name = Vender;
			sourceTree = "<group>";
		};
		EA15478C1ABCDD9C0094AC4C /* CollectionViewCell */ = {
			isa = PBXGroup;
			children = (
				EA15477F1ABCDD4D0094AC4C /* CHTCollectionViewWaterfallCell.h */,
				EA1547801ABCDD4D0094AC4C /* CHTCollectionViewWaterfallCell.m */,
				EA1547811ABCDD4D0094AC4C /* CHTCollectionViewWaterfallFooter.h */,
				EA1547821ABCDD4D0094AC4C /* CHTCollectionViewWaterfallFooter.m */,
				EA1547831ABCDD4D0094AC4C /* CHTCollectionViewWaterfallHeader.h */,
				EA1547841ABCDD4D0094AC4C /* CHTCollectionViewWaterfallHeader.m */,
			);
			name = CollectionViewCell;
			sourceTree = "<group>";
		};
		EA2081351ABD11560024246D /* CLWeeklyCalendarViewSourceCode */ = {
			isa = PBXGroup;
			children = (
				EA2081361ABD11560024246D /* CLWeeklyCalendarView.h */,
				EA2081371ABD11560024246D /* CLWeeklyCalendarView.m */,
				EA2081381ABD11560024246D /* DailyCalendarView.h */,
				EA2081391ABD11560024246D /* DailyCalendarView.m */,
				EA20813A1ABD11560024246D /* DayTitleLabel.h */,
				EA20813B1ABD11560024246D /* DayTitleLabel.m */,
				EA20813C1ABD11560024246D /* Misc */,
				EA20814C1ABD11A30024246D /* NWCalendarViewController.h */,
				EA20814D1ABD11A30024246D /* NWCalendarViewController.m */,
			);
			path = CLWeeklyCalendarViewSourceCode;
			sourceTree = "<group>";
		};
		EA20813C1ABD11560024246D /* Misc */ = {
			isa = PBXGroup;
			children = (
				EA20813D1ABD11560024246D /* NSDate+CL.h */,
				EA20813E1ABD11560024246D /* NSDate+CL.m */,
				EA20813F1ABD11560024246D /* NSDictionary+CL.h */,
				EA2081401ABD11560024246D /* NSDictionary+CL.m */,
				EA2081411ABD11560024246D /* UIColor+CL.h */,
				EA2081421ABD11560024246D /* UIColor+CL.m */,
				EA2081431ABD11560024246D /* UIImage+CL.h */,
				EA2081441ABD11560024246D /* UIImage+CL.m */,
			);
			path = Misc;
			sourceTree = "<group>";
		};
		EADAFB941AB9FCD1005CF333 = {
			isa = PBXGroup;
			children = (
				EADAFB9F1AB9FCD1005CF333 /* Warriors */,
				EADAFBB91AB9FCD1005CF333 /* WarriorsTests */,
				EADAFB9E1AB9FCD1005CF333 /* Products */,
			);
			sourceTree = "<group>";
		};
		EADAFB9E1AB9FCD1005CF333 /* Products */ = {
			isa = PBXGroup;
			children = (
				EADAFB9D1AB9FCD1005CF333 /* Warriors.app */,
				EADAFBB61AB9FCD1005CF333 /* WarriorsTests.xctest */,
			);
			name = Products;
			sourceTree = "<group>";
		};
		EADAFB9F1AB9FCD1005CF333 /* Warriors */ = {
			isa = PBXGroup;
			children = (
				EAA136F91ABCE389006F8A2D /* cat1.jpg */,
				EAA136FA1ABCE389006F8A2D /* cat2.jpg */,
				EAA136FB1ABCE389006F8A2D /* cat3.jpg */,
				EAA136FC1ABCE389006F8A2D /* cat4.jpg */,
				EA2081331ABD08040024246D /* 13.jpg */,
				EA1547991ABCE0D90094AC4C /* NWPhotosViewController.h */,
				EA15479A1ABCE0D90094AC4C /* NWPhotosViewController.m */,
				EA15478C1ABCDD9C0094AC4C /* CollectionViewCell */,
				EA15478B1ABCDD880094AC4C /* Vender */,
				EA1547621ABB69EC0094AC4C /* Cell */,
				EA1547611ABB69DD0094AC4C /* Extension */,
				EADAFC331ABA5380005CF333 /* MagicalRecord */,
				EA1547601ABB69CA0094AC4C /* Model */,
				EA15475F1ABB69AB0094AC4C /* Resources */,
				EADAFC9E1ABA69E6005CF333 /* TextViewGrowing */,
				EADAFC8A1ABA56C4005CF333 /* NWPrefixHeader.pch */,
				EADAFBCE1ABA20E9005CF333 /* Main.storyboard */,
				EA2081351ABD11560024246D /* CLWeeklyCalendarViewSourceCode */,
				EADAFC921ABA5FF3005CF333 /* BBModalSearchViewController.xib */,
				EADAFC311ABA52CA005CF333 /* CoreData.framework */,
				EADAFBA41AB9FCD1005CF333 /* AppDelegate.h */,
				EADAFBA51AB9FCD1005CF333 /* AppDelegate.m */,
				EADAFBA71AB9FCD1005CF333 /* ViewController.h */,
				EA1547631ABB6CE60094AC4C /* BBEventInputViewController.h */,
				EA1547641ABB6CE60094AC4C /* BBEventInputViewController.m */,
				EADAFC9B1ABA6711005CF333 /* NWAddPersonTableViewController.h */,
				EADAFC9C1ABA6711005CF333 /* NWAddPersonTableViewController.m */,
				EADAFBA81AB9FCD1005CF333 /* ViewController.m */,
				EADAFBCB1ABA1801005CF333 /* NWTimelineTableViewController.h */,
				EADAFBCC1ABA1801005CF333 /* NWTimelineTableViewController.m */,
				EADAFC901ABA5FF3005CF333 /* BBModalSearchViewController.h */,
				EADAFC911ABA5FF3005CF333 /* BBModalSearchViewController.m */,
				EADAFBC61AB9FD05005CF333 /* NWMainViewControllerTableViewController.h */,
				EADAFBC71AB9FD05005CF333 /* NWMainViewControllerTableViewController.m */,
				EADAFBAD1AB9FCD1005CF333 /* Images.xcassets */,
				EADAFC8E1ABA592B005CF333 /* businesscard.jpg */,
				EADAFBAF1AB9FCD1005CF333 /* LaunchScreen.xib */,
				EADAFBA01AB9FCD1005CF333 /* Supporting Files */,
			);
			path = Warriors;
			sourceTree = "<group>";
		};
		EADAFBA01AB9FCD1005CF333 /* Supporting Files */ = {
			isa = PBXGroup;
			children = (
				EADAFBA11AB9FCD1005CF333 /* Info.plist */,
				EADAFBA21AB9FCD1005CF333 /* main.m */,
			);
			name = "Supporting Files";
			sourceTree = "<group>";
		};
		EADAFBB91AB9FCD1005CF333 /* WarriorsTests */ = {
			isa = PBXGroup;
			children = (
				EADAFBBC1AB9FCD1005CF333 /* WarriorsTests.m */,
				EADAFBBA1AB9FCD1005CF333 /* Supporting Files */,
			);
			path = WarriorsTests;
			sourceTree = "<group>";
		};
		EADAFBBA1AB9FCD1005CF333 /* Supporting Files */ = {
			isa = PBXGroup;
			children = (
				EADAFBBB1AB9FCD1005CF333 /* Info.plist */,
			);
			name = "Supporting Files";
			sourceTree = "<group>";
		};
		EADAFC331ABA5380005CF333 /* MagicalRecord */ = {
			isa = PBXGroup;
			children = (
				EADAFC341ABA5380005CF333 /* Categories */,
				EADAFC5E1ABA5380005CF333 /* Core */,
				EADAFC6E1ABA5380005CF333 /* CoreData+MagicalRecord.h */,
			);
			name = MagicalRecord;
			path = ../MagicalRecord;
			sourceTree = "<group>";
		};
		EADAFC341ABA5380005CF333 /* Categories */ = {
			isa = PBXGroup;
			children = (
				EADAFC351ABA5380005CF333 /* DataImport */,
				EADAFC441ABA5380005CF333 /* NSManagedObject */,
				EADAFC4F1ABA5380005CF333 /* NSManagedObjectContext */,
				EADAFC581ABA5380005CF333 /* NSManagedObjectModel+MagicalRecord.h */,
				EADAFC591ABA5380005CF333 /* NSManagedObjectModel+MagicalRecord.m */,
				EADAFC5A1ABA5380005CF333 /* NSPersistentStore+MagicalRecord.h */,
				EADAFC5B1ABA5380005CF333 /* NSPersistentStore+MagicalRecord.m */,
				EADAFC5C1ABA5380005CF333 /* NSPersistentStoreCoordinator+MagicalRecord.h */,
				EADAFC5D1ABA5380005CF333 /* NSPersistentStoreCoordinator+MagicalRecord.m */,
			);
			path = Categories;
			sourceTree = "<group>";
		};
		EADAFC351ABA5380005CF333 /* DataImport */ = {
			isa = PBXGroup;
			children = (
				EADAFC361ABA5380005CF333 /* MagicalImportFunctions.h */,
				EADAFC371ABA5380005CF333 /* MagicalImportFunctions.m */,
				EADAFC381ABA5380005CF333 /* NSAttributeDescription+MagicalDataImport.h */,
				EADAFC391ABA5380005CF333 /* NSAttributeDescription+MagicalDataImport.m */,
				EADAFC3A1ABA5380005CF333 /* NSEntityDescription+MagicalDataImport.h */,
				EADAFC3B1ABA5380005CF333 /* NSEntityDescription+MagicalDataImport.m */,
				EADAFC3C1ABA5380005CF333 /* NSNumber+MagicalDataImport.h */,
				EADAFC3D1ABA5380005CF333 /* NSNumber+MagicalDataImport.m */,
				EADAFC3E1ABA5380005CF333 /* NSObject+MagicalDataImport.h */,
				EADAFC3F1ABA5380005CF333 /* NSObject+MagicalDataImport.m */,
				EADAFC401ABA5380005CF333 /* NSRelationshipDescription+MagicalDataImport.h */,
				EADAFC411ABA5380005CF333 /* NSRelationshipDescription+MagicalDataImport.m */,
				EADAFC421ABA5380005CF333 /* NSString+MagicalDataImport.h */,
				EADAFC431ABA5380005CF333 /* NSString+MagicalDataImport.m */,
			);
			path = DataImport;
			sourceTree = "<group>";
		};
		EADAFC441ABA5380005CF333 /* NSManagedObject */ = {
			isa = PBXGroup;
			children = (
				EADAFC451ABA5380005CF333 /* NSManagedObject+MagicalAggregation.h */,
				EADAFC461ABA5380005CF333 /* NSManagedObject+MagicalAggregation.m */,
				EADAFC471ABA5380005CF333 /* NSManagedObject+MagicalDataImport.h */,
				EADAFC481ABA5380005CF333 /* NSManagedObject+MagicalDataImport.m */,
				EADAFC491ABA5380005CF333 /* NSManagedObject+MagicalFinders.h */,
				EADAFC4A1ABA5380005CF333 /* NSManagedObject+MagicalFinders.m */,
				EADAFC4B1ABA5380005CF333 /* NSManagedObject+MagicalRecord.h */,
				EADAFC4C1ABA5380005CF333 /* NSManagedObject+MagicalRecord.m */,
				EADAFC4D1ABA5380005CF333 /* NSManagedObject+MagicalRequests.h */,
				EADAFC4E1ABA5380005CF333 /* NSManagedObject+MagicalRequests.m */,
			);
			path = NSManagedObject;
			sourceTree = "<group>";
		};
		EADAFC4F1ABA5380005CF333 /* NSManagedObjectContext */ = {
			isa = PBXGroup;
			children = (
				EADAFC501ABA5380005CF333 /* NSManagedObjectContext+MagicalObserving.h */,
				EADAFC511ABA5380005CF333 /* NSManagedObjectContext+MagicalObserving.m */,
				EADAFC521ABA5380005CF333 /* NSManagedObjectContext+MagicalRecord.h */,
				EADAFC531ABA5380005CF333 /* NSManagedObjectContext+MagicalRecord.m */,
				EADAFC541ABA5380005CF333 /* NSManagedObjectContext+MagicalSaves.h */,
				EADAFC551ABA5380005CF333 /* NSManagedObjectContext+MagicalSaves.m */,
				EADAFC561ABA5380005CF333 /* NSManagedObjectContext+MagicalThreading.h */,
				EADAFC571ABA5380005CF333 /* NSManagedObjectContext+MagicalThreading.m */,
			);
			path = NSManagedObjectContext;
			sourceTree = "<group>";
		};
		EADAFC5E1ABA5380005CF333 /* Core */ = {
			isa = PBXGroup;
			children = (
				EADAFC5F1ABA5380005CF333 /* MagicalRecord+Actions.h */,
				EADAFC601ABA5380005CF333 /* MagicalRecord+Actions.m */,
				EADAFC611ABA5380005CF333 /* MagicalRecord+ErrorHandling.h */,
				EADAFC621ABA5380005CF333 /* MagicalRecord+ErrorHandling.m */,
				EADAFC631ABA5380005CF333 /* MagicalRecord+iCloud.h */,
				EADAFC641ABA5380005CF333 /* MagicalRecord+iCloud.m */,
				EADAFC651ABA5380005CF333 /* MagicalRecord+Options.h */,
				EADAFC661ABA5380005CF333 /* MagicalRecord+Options.m */,
				EADAFC671ABA5380005CF333 /* MagicalRecord+Setup.h */,
				EADAFC681ABA5380005CF333 /* MagicalRecord+Setup.m */,
				EADAFC691ABA5380005CF333 /* MagicalRecord+ShorthandSupport.h */,
				EADAFC6A1ABA5380005CF333 /* MagicalRecord+ShorthandSupport.m */,
				EADAFC6B1ABA5380005CF333 /* MagicalRecord.h */,
				EADAFC6C1ABA5380005CF333 /* MagicalRecord.m */,
				EADAFC6D1ABA5380005CF333 /* MagicalRecordShorthand.h */,
			);
			path = Core;
			sourceTree = "<group>";
		};
		EADAFC9E1ABA69E6005CF333 /* TextViewGrowing */ = {
			isa = PBXGroup;
			children = (
				EADAFC9F1ABA69E6005CF333 /* HPGrowingTextView.h */,
				EADAFCA01ABA69E6005CF333 /* HPGrowingTextView.m */,
				EADAFCA11ABA69E6005CF333 /* HPTextViewInternal.h */,
				EADAFCA21ABA69E6005CF333 /* HPTextViewInternal.m */,
			);
			name = TextViewGrowing;
			path = class;
			sourceTree = "<group>";
		};
/* End PBXGroup section */

/* Begin PBXNativeTarget section */
		EADAFB9C1AB9FCD1005CF333 /* Warriors */ = {
			isa = PBXNativeTarget;
			buildConfigurationList = EADAFBC01AB9FCD1005CF333 /* Build configuration list for PBXNativeTarget "Warriors" */;
			buildPhases = (
				EADAFB991AB9FCD1005CF333 /* Sources */,
				EADAFB9A1AB9FCD1005CF333 /* Frameworks */,
				EADAFB9B1AB9FCD1005CF333 /* Resources */,
			);
			buildRules = (
			);
			dependencies = (
			);
			name = Warriors;
			productName = Warriors;
			productReference = EADAFB9D1AB9FCD1005CF333 /* Warriors.app */;
			productType = "com.apple.product-type.application";
		};
		EADAFBB51AB9FCD1005CF333 /* WarriorsTests */ = {
			isa = PBXNativeTarget;
			buildConfigurationList = EADAFBC31AB9FCD1005CF333 /* Build configuration list for PBXNativeTarget "WarriorsTests" */;
			buildPhases = (
				EADAFBB21AB9FCD1005CF333 /* Sources */,
				EADAFBB31AB9FCD1005CF333 /* Frameworks */,
				EADAFBB41AB9FCD1005CF333 /* Resources */,
			);
			buildRules = (
			);
			dependencies = (
				EADAFBB81AB9FCD1005CF333 /* PBXTargetDependency */,
			);
			name = WarriorsTests;
			productName = WarriorsTests;
			productReference = EADAFBB61AB9FCD1005CF333 /* WarriorsTests.xctest */;
			productType = "com.apple.product-type.bundle.unit-test";
		};
/* End PBXNativeTarget section */

/* Begin PBXProject section */
		EADAFB951AB9FCD1005CF333 /* Project object */ = {
			isa = PBXProject;
			attributes = {
				LastUpgradeCheck = 0620;
				ORGANIZATIONNAME = brianhollc;
				TargetAttributes = {
					EADAFB9C1AB9FCD1005CF333 = {
						CreatedOnToolsVersion = 6.2;
					};
					EADAFBB51AB9FCD1005CF333 = {
						CreatedOnToolsVersion = 6.2;
						TestTargetID = EADAFB9C1AB9FCD1005CF333;
					};
				};
			};
			buildConfigurationList = EADAFB981AB9FCD1005CF333 /* Build configuration list for PBXProject "Warriors" */;
			compatibilityVersion = "Xcode 3.2";
			developmentRegion = English;
			hasScannedForEncodings = 0;
			knownRegions = (
				en,
				Base,
			);
			mainGroup = EADAFB941AB9FCD1005CF333;
			productRefGroup = EADAFB9E1AB9FCD1005CF333 /* Products */;
			projectDirPath = "";
			projectRoot = "";
			targets = (
				EADAFB9C1AB9FCD1005CF333 /* Warriors */,
				EADAFBB51AB9FCD1005CF333 /* WarriorsTests */,
			);
		};
/* End PBXProject section */

/* Begin PBXResourcesBuildPhase section */
		EADAFB9B1AB9FCD1005CF333 /* Resources */ = {
			isa = PBXResourcesBuildPhase;
			buildActionMask = 2147483647;
			files = (
				EADAFCC21ABA9531005CF333 /* settings3-50.png in Resources */,
				EAA136FE1ABCE389006F8A2D /* cat2.jpg in Resources */,
				EADAFCC61ABA95F2005CF333 /* collect-50.png in Resources */,
				EADAFCC41ABA95AA005CF333 /* price_tag-50.png in Resources */,
				EADAFC8F1ABA592B005CF333 /* businesscard.jpg in Resources */,
				EADAFCB81ABA9251005CF333 /* camera_filled-50.png in Resources */,
				EADAFCC01ABA9519005CF333 /* exit-50.png in Resources */,
				EADAFCD81ABABD8A005CF333 /* plus-32.png in Resources */,
				EADAFCB11ABA6AD2005CF333 /* MessageEntrySendButton.png in Resources */,
				EADAFCB41ABA6AD2005CF333 /* MessageEntrySendButtonPressed@2x.png in Resources */,
				EADAFCD01ABABB53005CF333 /* card.jpg in Resources */,
				EADAFCCA1ABAAC32005CF333 /* user_male_circle-50.png in Resources */,
				EADAFCD41ABABCD1005CF333 /* undo-50.png in Resources */,
				EADAFCAF1ABA6AD2005CF333 /* MessageEntryInputField.png in Resources */,
				EA2081501ABD145A0024246D /* calendar-50.png in Resources */,
				EADAFCBC1ABA9458005CF333 /* menu-50.png in Resources */,
				EADAFCD61ABABD3C005CF333 /* undo-32.png in Resources */,
				EADAFCB21ABA6AD2005CF333 /* MessageEntrySendButton@2x.png in Resources */,
				EADAFCB61ABA9102005CF333 /* camera-50.png in Resources */,
				EADAFCAE1ABA6AD2005CF333 /* MessageEntryBackground@2x.png in Resources */,
				EADAFCB01ABA6AD2005CF333 /* MessageEntryInputField@2x.png in Resources */,
				EA2081341ABD08040024246D /* 13.jpg in Resources */,
				EAA136FD1ABCE389006F8A2D /* cat1.jpg in Resources */,
				EADAFCB31ABA6AD2005CF333 /* MessageEntrySendButtonPressed.png in Resources */,
				EAA136FF1ABCE389006F8A2D /* cat3.jpg in Resources */,
				EADAFCC81ABA9618005CF333 /* mark_as_favourite-50.png in Resources */,
				EADAFCAD1ABA6AD2005CF333 /* MessageEntryBackground.png in Resources */,
				EADAFBB11AB9FCD1005CF333 /* LaunchScreen.xib in Resources */,
				EADAFCBA1ABA9329005CF333 /* stack_of_photos-50.png in Resources */,
				EADAFCBE1ABA9498005CF333 /* bullish-50.png in Resources */,
				EADAFC941ABA5FF3005CF333 /* BBModalSearchViewController.xib in Resources */,
				EADAFBAE1AB9FCD1005CF333 /* Images.xcassets in Resources */,
				EADAFCD21ABABC03005CF333 /* plus-50.png in Resources */,
				EAA137001ABCE389006F8A2D /* cat4.jpg in Resources */,
				EADAFBCA1ABA0CA5005CF333 /* blurrybackground.jpg in Resources */,
				EADAFBD01ABA20E9005CF333 /* Main.storyboard in Resources */,
			);
			runOnlyForDeploymentPostprocessing = 0;
		};
		EADAFBB41AB9FCD1005CF333 /* Resources */ = {
			isa = PBXResourcesBuildPhase;
			buildActionMask = 2147483647;
			files = (
			);
			runOnlyForDeploymentPostprocessing = 0;
		};
/* End PBXResourcesBuildPhase section */

/* Begin PBXSourcesBuildPhase section */
		EADAFB991AB9FCD1005CF333 /* Sources */ = {
			isa = PBXSourcesBuildPhase;
			buildActionMask = 2147483647;
			files = (
				EA1547681ABB6D860094AC4C /* Person.m in Sources */,
				EADAFC771ABA5380005CF333 /* NSManagedObject+MagicalDataImport.m in Sources */,
				EADAFC841ABA5380005CF333 /* MagicalRecord+iCloud.m in Sources */,
				EADAFBC81AB9FD05005CF333 /* NWMainViewControllerTableViewController.m in Sources */,
				EADAFC791ABA5380005CF333 /* NSManagedObject+MagicalRecord.m in Sources */,
				EADAFC821ABA5380005CF333 /* MagicalRecord+Actions.m in Sources */,
				EA15476B1ABB6D990094AC4C /* Event.m in Sources */,
				EADAFC7D1ABA5380005CF333 /* NSManagedObjectContext+MagicalSaves.m in Sources */,
				EA15479B1ABCE0D90094AC4C /* NWPhotosViewController.m in Sources */,
				EADAFC811ABA5380005CF333 /* NSPersistentStoreCoordinator+MagicalRecord.m in Sources */,
				EADAFBA91AB9FCD1005CF333 /* ViewController.m in Sources */,
				EA1547871ABCDD4D0094AC4C /* CHTCollectionViewWaterfallHeader.m in Sources */,
				EADAFC7E1ABA5380005CF333 /* NSManagedObjectContext+MagicalThreading.m in Sources */,
				EADAFC731ABA5380005CF333 /* NSObject+MagicalDataImport.m in Sources */,
				EADAFC7B1ABA5380005CF333 /* NSManagedObjectContext+MagicalObserving.m in Sources */,
				EADAFCA31ABA69E6005CF333 /* HPGrowingTextView.m in Sources */,
				EA1547851ABCDD4D0094AC4C /* CHTCollectionViewWaterfallCell.m in Sources */,
				EADAFC871ABA5380005CF333 /* MagicalRecord+ShorthandSupport.m in Sources */,
				EA20814A1ABD11560024246D /* UIColor+CL.m in Sources */,
				EADAFC701ABA5380005CF333 /* NSAttributeDescription+MagicalDataImport.m in Sources */,
				EADAFC7A1ABA5380005CF333 /* NSManagedObject+MagicalRequests.m in Sources */,
				EADAFC831ABA5380005CF333 /* MagicalRecord+ErrorHandling.m in Sources */,
				EADAFC881ABA5380005CF333 /* MagicalRecord.m in Sources */,
				EA2081451ABD11560024246D /* CLWeeklyCalendarView.m in Sources */,
				EA15478A1ABCDD7D0094AC4C /* CHTCollectionViewWaterfallLayout.m in Sources */,
				EA1547861ABCDD4D0094AC4C /* CHTCollectionViewWaterfallFooter.m in Sources */,
				EADAFC851ABA5380005CF333 /* MagicalRecord+Options.m in Sources */,
				EADAFC761ABA5380005CF333 /* NSManagedObject+MagicalAggregation.m in Sources */,
				EADAFC751ABA5380005CF333 /* NSString+MagicalDataImport.m in Sources */,
				EADAFC741ABA5380005CF333 /* NSRelationshipDescription+MagicalDataImport.m in Sources */,
				EADAFBCD1ABA1801005CF333 /* NWTimelineTableViewController.m in Sources */,
				EADAFC991ABA61FF005CF333 /* UIImage+ImageEffects.m in Sources */,
				EADAFC9A1ABA61FF005CF333 /* UIView+UIViewExtension.m in Sources */,
				EADAFC7F1ABA5380005CF333 /* NSManagedObjectModel+MagicalRecord.m in Sources */,
				EADAFBA61AB9FCD1005CF333 /* AppDelegate.m in Sources */,
				EADAFBA31AB9FCD1005CF333 /* main.m in Sources */,
				EADAFC7C1ABA5380005CF333 /* NSManagedObjectContext+MagicalRecord.m in Sources */,
				EADAFC931ABA5FF3005CF333 /* BBModalSearchViewController.m in Sources */,
				EADAFC8D1ABA580A005CF333 /* BBTimelineTableViewCell.m in Sources */,
				EA1547651ABB6CE60094AC4C /* BBEventInputViewController.m in Sources */,
				EA2081461ABD11560024246D /* DailyCalendarView.m in Sources */,
				EADAFC861ABA5380005CF333 /* MagicalRecord+Setup.m in Sources */,
				EA2081491ABD11560024246D /* NSDictionary+CL.m in Sources */,
				EADAFC711ABA5380005CF333 /* NSEntityDescription+MagicalDataImport.m in Sources */,
				EADAFC9D1ABA6711005CF333 /* NWAddPersonTableViewController.m in Sources */,
				EA20814E1ABD11A30024246D /* NWCalendarViewController.m in Sources */,
				EADAFC291ABA5010005CF333 /* Model.xcdatamodeld in Sources */,
				EA2081471ABD11560024246D /* DayTitleLabel.m in Sources */,
				EADAFC6F1ABA5380005CF333 /* MagicalImportFunctions.m in Sources */,
				EADAFC781ABA5380005CF333 /* NSManagedObject+MagicalFinders.m in Sources */,
				EADAFCA41ABA69E6005CF333 /* HPTextViewInternal.m in Sources */,
				EADAFC721ABA5380005CF333 /* NSNumber+MagicalDataImport.m in Sources */,
				EA2081481ABD11560024246D /* NSDate+CL.m in Sources */,
				EA20814B1ABD11560024246D /* UIImage+CL.m in Sources */,
				EADAFC801ABA5380005CF333 /* NSPersistentStore+MagicalRecord.m in Sources */,
			);
			runOnlyForDeploymentPostprocessing = 0;
		};
		EADAFBB21AB9FCD1005CF333 /* Sources */ = {
			isa = PBXSourcesBuildPhase;
			buildActionMask = 2147483647;
			files = (
				EADAFBBD1AB9FCD1005CF333 /* WarriorsTests.m in Sources */,
			);
			runOnlyForDeploymentPostprocessing = 0;
		};
/* End PBXSourcesBuildPhase section */

/* Begin PBXTargetDependency section */
		EADAFBB81AB9FCD1005CF333 /* PBXTargetDependency */ = {
			isa = PBXTargetDependency;
			target = EADAFB9C1AB9FCD1005CF333 /* Warriors */;
			targetProxy = EADAFBB71AB9FCD1005CF333 /* PBXContainerItemProxy */;
		};
/* End PBXTargetDependency section */

/* Begin PBXVariantGroup section */
		EADAFBAF1AB9FCD1005CF333 /* LaunchScreen.xib */ = {
			isa = PBXVariantGroup;
			children = (
				EADAFBB01AB9FCD1005CF333 /* Base */,
			);
			name = LaunchScreen.xib;
			sourceTree = "<group>";
		};
		EADAFBCE1ABA20E9005CF333 /* Main.storyboard */ = {
			isa = PBXVariantGroup;
			children = (
				EADAFBCF1ABA20E9005CF333 /* Base */,
			);
			name = Main.storyboard;
			path = ..;
			sourceTree = "<group>";
		};
/* End PBXVariantGroup section */

/* Begin XCBuildConfiguration section */
		EADAFBBE1AB9FCD1005CF333 /* Debug */ = {
			isa = XCBuildConfiguration;
			buildSettings = {
				ALWAYS_SEARCH_USER_PATHS = NO;
				CLANG_CXX_LANGUAGE_STANDARD = "gnu++0x";
				CLANG_CXX_LIBRARY = "libc++";
				CLANG_ENABLE_MODULES = YES;
				CLANG_ENABLE_OBJC_ARC = YES;
				CLANG_WARN_BOOL_CONVERSION = YES;
				CLANG_WARN_CONSTANT_CONVERSION = YES;
				CLANG_WARN_DIRECT_OBJC_ISA_USAGE = YES_ERROR;
				CLANG_WARN_EMPTY_BODY = YES;
				CLANG_WARN_ENUM_CONVERSION = YES;
				CLANG_WARN_INT_CONVERSION = YES;
				CLANG_WARN_OBJC_ROOT_CLASS = YES_ERROR;
				CLANG_WARN_UNREACHABLE_CODE = YES;
				CLANG_WARN__DUPLICATE_METHOD_MATCH = YES;
				"CODE_SIGN_IDENTITY[sdk=iphoneos*]" = "iPhone Developer";
				COPY_PHASE_STRIP = NO;
				ENABLE_STRICT_OBJC_MSGSEND = YES;
				GCC_C_LANGUAGE_STANDARD = gnu99;
				GCC_DYNAMIC_NO_PIC = NO;
				GCC_OPTIMIZATION_LEVEL = 0;
				GCC_PREPROCESSOR_DEFINITIONS = (
					"DEBUG=1",
					"$(inherited)",
				);
				GCC_SYMBOLS_PRIVATE_EXTERN = NO;
				GCC_WARN_64_TO_32_BIT_CONVERSION = YES;
				GCC_WARN_ABOUT_RETURN_TYPE = YES_ERROR;
				GCC_WARN_UNDECLARED_SELECTOR = YES;
				GCC_WARN_UNINITIALIZED_AUTOS = YES_AGGRESSIVE;
				GCC_WARN_UNUSED_FUNCTION = YES;
				GCC_WARN_UNUSED_VARIABLE = YES;
				IPHONEOS_DEPLOYMENT_TARGET = 8.2;
				MTL_ENABLE_DEBUG_INFO = YES;
				ONLY_ACTIVE_ARCH = YES;
				SDKROOT = iphoneos;
			};
			name = Debug;
		};
		EADAFBBF1AB9FCD1005CF333 /* Release */ = {
			isa = XCBuildConfiguration;
			buildSettings = {
				ALWAYS_SEARCH_USER_PATHS = NO;
				CLANG_CXX_LANGUAGE_STANDARD = "gnu++0x";
				CLANG_CXX_LIBRARY = "libc++";
				CLANG_ENABLE_MODULES = YES;
				CLANG_ENABLE_OBJC_ARC = YES;
				CLANG_WARN_BOOL_CONVERSION = YES;
				CLANG_WARN_CONSTANT_CONVERSION = YES;
				CLANG_WARN_DIRECT_OBJC_ISA_USAGE = YES_ERROR;
				CLANG_WARN_EMPTY_BODY = YES;
				CLANG_WARN_ENUM_CONVERSION = YES;
				CLANG_WARN_INT_CONVERSION = YES;
				CLANG_WARN_OBJC_ROOT_CLASS = YES_ERROR;
				CLANG_WARN_UNREACHABLE_CODE = YES;
				CLANG_WARN__DUPLICATE_METHOD_MATCH = YES;
				"CODE_SIGN_IDENTITY[sdk=iphoneos*]" = "iPhone Developer";
				COPY_PHASE_STRIP = NO;
				ENABLE_NS_ASSERTIONS = NO;
				ENABLE_STRICT_OBJC_MSGSEND = YES;
				GCC_C_LANGUAGE_STANDARD = gnu99;
				GCC_WARN_64_TO_32_BIT_CONVERSION = YES;
				GCC_WARN_ABOUT_RETURN_TYPE = YES_ERROR;
				GCC_WARN_UNDECLARED_SELECTOR = YES;
				GCC_WARN_UNINITIALIZED_AUTOS = YES_AGGRESSIVE;
				GCC_WARN_UNUSED_FUNCTION = YES;
				GCC_WARN_UNUSED_VARIABLE = YES;
				IPHONEOS_DEPLOYMENT_TARGET = 8.2;
				MTL_ENABLE_DEBUG_INFO = NO;
				SDKROOT = iphoneos;
				VALIDATE_PRODUCT = YES;
			};
			name = Release;
		};
		EADAFBC11AB9FCD1005CF333 /* Debug */ = {
			isa = XCBuildConfiguration;
			buildSettings = {
				ASSETCATALOG_COMPILER_APPICON_NAME = AppIcon;
				GCC_PREFIX_HEADER = Warriors/NWPrefixHeader.pch;
				INFOPLIST_FILE = Warriors/Info.plist;
				LD_RUNPATH_SEARCH_PATHS = "$(inherited) @executable_path/Frameworks";
				PRODUCT_NAME = "$(TARGET_NAME)";
			};
			name = Debug;
		};
		EADAFBC21AB9FCD1005CF333 /* Release */ = {
			isa = XCBuildConfiguration;
			buildSettings = {
				ASSETCATALOG_COMPILER_APPICON_NAME = AppIcon;
				GCC_PREFIX_HEADER = Warriors/NWPrefixHeader.pch;
				INFOPLIST_FILE = Warriors/Info.plist;
				LD_RUNPATH_SEARCH_PATHS = "$(inherited) @executable_path/Frameworks";
				PRODUCT_NAME = "$(TARGET_NAME)";
			};
			name = Release;
		};
		EADAFBC41AB9FCD1005CF333 /* Debug */ = {
			isa = XCBuildConfiguration;
			buildSettings = {
				BUNDLE_LOADER = "$(TEST_HOST)";
				FRAMEWORK_SEARCH_PATHS = (
					"$(SDKROOT)/Developer/Library/Frameworks",
					"$(inherited)",
				);
				GCC_PREPROCESSOR_DEFINITIONS = (
					"DEBUG=1",
					"$(inherited)",
				);
				INFOPLIST_FILE = WarriorsTests/Info.plist;
				LD_RUNPATH_SEARCH_PATHS = "$(inherited) @executable_path/Frameworks @loader_path/Frameworks";
				PRODUCT_NAME = "$(TARGET_NAME)";
				TEST_HOST = "$(BUILT_PRODUCTS_DIR)/Warriors.app/Warriors";
			};
			name = Debug;
		};
		EADAFBC51AB9FCD1005CF333 /* Release */ = {
			isa = XCBuildConfiguration;
			buildSettings = {
				BUNDLE_LOADER = "$(TEST_HOST)";
				FRAMEWORK_SEARCH_PATHS = (
					"$(SDKROOT)/Developer/Library/Frameworks",
					"$(inherited)",
				);
				INFOPLIST_FILE = WarriorsTests/Info.plist;
				LD_RUNPATH_SEARCH_PATHS = "$(inherited) @executable_path/Frameworks @loader_path/Frameworks";
				PRODUCT_NAME = "$(TARGET_NAME)";
				TEST_HOST = "$(BUILT_PRODUCTS_DIR)/Warriors.app/Warriors";
			};
			name = Release;
		};
/* End XCBuildConfiguration section */

/* Begin XCConfigurationList section */
		EADAFB981AB9FCD1005CF333 /* Build configuration list for PBXProject "Warriors" */ = {
			isa = XCConfigurationList;
			buildConfigurations = (
				EADAFBBE1AB9FCD1005CF333 /* Debug */,
				EADAFBBF1AB9FCD1005CF333 /* Release */,
			);
			defaultConfigurationIsVisible = 0;
			defaultConfigurationName = Release;
		};
		EADAFBC01AB9FCD1005CF333 /* Build configuration list for PBXNativeTarget "Warriors" */ = {
			isa = XCConfigurationList;
			buildConfigurations = (
				EADAFBC11AB9FCD1005CF333 /* Debug */,
				EADAFBC21AB9FCD1005CF333 /* Release */,
			);
			defaultConfigurationIsVisible = 0;
			defaultConfigurationName = Release;
		};
		EADAFBC31AB9FCD1005CF333 /* Build configuration list for PBXNativeTarget "WarriorsTests" */ = {
			isa = XCConfigurationList;
			buildConfigurations = (
				EADAFBC41AB9FCD1005CF333 /* Debug */,
				EADAFBC51AB9FCD1005CF333 /* Release */,
			);
			defaultConfigurationIsVisible = 0;
			defaultConfigurationName = Release;
		};
/* End XCConfigurationList section */

/* Begin XCVersionGroup section */
		EADAFC271ABA5010005CF333 /* Model.xcdatamodeld */ = {
			isa = XCVersionGroup;
			children = (
				EADAFC281ABA5010005CF333 /* Model.xcdatamodel */,
			);
			currentVersion = EADAFC281ABA5010005CF333 /* Model.xcdatamodel */;
			name = Model.xcdatamodeld;
			path = MagicalRecord/Model.xcdatamodeld;
			sourceTree = "<group>";
			versionGroupType = wrapper.xcdatamodel;
		};
/* End XCVersionGroup section */
	};
	rootObject = EADAFB951AB9FCD1005CF333 /* Project object */;
}
